// !$*UTF8*$!
{
	archiveVersion = 1;
	classes = {
	};
	objectVersion = 56;
	objects = {

/* Begin PBXBuildFile section */
		6D6ABE7F2B849F550085F6AE /* Today.swift in Sources */ = {isa = PBXBuildFile; fileRef = 6D6ABE7E2B849F550085F6AE /* Today.swift */; };
		6D6ABE822B84A0590085F6AE /* Home.swift in Sources */ = {isa = PBXBuildFile; fileRef = 6D6ABE812B84A0590085F6AE /* Home.swift */; };
		6D6ABE842B84A2BE0085F6AE /* CustomCorner.swift in Sources */ = {isa = PBXBuildFile; fileRef = 6D6ABE832B84A2BE0085F6AE /* CustomCorner.swift */; };
		6D6CA80A2B35AD2C00D46E6C /* ExpandableView.swift in Sources */ = {isa = PBXBuildFile; fileRef = 6D6CA8092B35AD2C00D46E6C /* ExpandableView.swift */; };
		6D6CA80C2B35B6F000D46E6C /* ThumbnailView.swift in Sources */ = {isa = PBXBuildFile; fileRef = 6D6CA80B2B35B6F000D46E6C /* ThumbnailView.swift */; };
		6D6CA80E2B35B70B00D46E6C /* ExpandedView.swift in Sources */ = {isa = PBXBuildFile; fileRef = 6D6CA80D2B35B70B00D46E6C /* ExpandedView.swift */; };
		6D6CA8102B35B8D600D46E6C /* ContentExpandableView.swift in Sources */ = {isa = PBXBuildFile; fileRef = 6D6CA80F2B35B8D600D46E6C /* ContentExpandableView.swift */; };
		6D74427E2B3EB4CA005D1138 /* CarouselView.swift in Sources */ = {isa = PBXBuildFile; fileRef = 6D74427D2B3EB4CA005D1138 /* CarouselView.swift */; };
		6D7442802B3EC46D005D1138 /* CarouselViewChild.swift in Sources */ = {isa = PBXBuildFile; fileRef = 6D74427F2B3EC46D005D1138 /* CarouselViewChild.swift */; };
		6D7442832B3ECF89005D1138 /* TipView.swift in Sources */ = {isa = PBXBuildFile; fileRef = 6D7442822B3ECF89005D1138 /* TipView.swift */; };
		6D7442852B3ED350005D1138 /* TipContentView.swift in Sources */ = {isa = PBXBuildFile; fileRef = 6D7442842B3ED34F005D1138 /* TipContentView.swift */; };
		6DA29CA62B29CAC800D087C0 /* SwiftUIDesignsApp.swift in Sources */ = {isa = PBXBuildFile; fileRef = 6DA29CA52B29CAC800D087C0 /* SwiftUIDesignsApp.swift */; };
		6DA29CA82B29CAC800D087C0 /* ContentView.swift in Sources */ = {isa = PBXBuildFile; fileRef = 6DA29CA72B29CAC800D087C0 /* ContentView.swift */; };
		6DA29CAA2B29CAC900D087C0 /* Assets.xcassets in Resources */ = {isa = PBXBuildFile; fileRef = 6DA29CA92B29CAC900D087C0 /* Assets.xcassets */; };
		6DA29CAD2B29CAC900D087C0 /* Preview Assets.xcassets in Resources */ = {isa = PBXBuildFile; fileRef = 6DA29CAC2B29CAC900D087C0 /* Preview Assets.xcassets */; };
		6DA29CB42B29CBBB00D087C0 /* Tap.swift in Sources */ = {isa = PBXBuildFile; fileRef = 6DA29CB32B29CBBB00D087C0 /* Tap.swift */; };
		6DA29CB62B29D10500D087C0 /* ContentViewCell.swift in Sources */ = {isa = PBXBuildFile; fileRef = 6DA29CB52B29D10500D087C0 /* ContentViewCell.swift */; };
		6DA29CB82B29D1F100D087C0 /* SideMenu.swift in Sources */ = {isa = PBXBuildFile; fileRef = 6DA29CB72B29D1F100D087C0 /* SideMenu.swift */; };
		6DA29CBA2B29D2D200D087C0 /* SideViewContents.swift in Sources */ = {isa = PBXBuildFile; fileRef = 6DA29CB92B29D2D200D087C0 /* SideViewContents.swift */; };
		6DC51C492B2C3CBF005C0520 /* CategoryView.swift in Sources */ = {isa = PBXBuildFile; fileRef = 6DC51C482B2C3CBF005C0520 /* CategoryView.swift */; };
		6DC51C4C2B2C3FF5005C0520 /* SymbolEffectsView.swift in Sources */ = {isa = PBXBuildFile; fileRef = 6DC51C4B2B2C3FF5005C0520 /* SymbolEffectsView.swift */; };
		6DC51C4F2B2C4212005C0520 /* BarMarkView.swift in Sources */ = {isa = PBXBuildFile; fileRef = 6DC51C4E2B2C4212005C0520 /* BarMarkView.swift */; };
		6DC51C512B2C4709005C0520 /* HeatMapView.swift in Sources */ = {isa = PBXBuildFile; fileRef = 6DC51C502B2C4709005C0520 /* HeatMapView.swift */; };
		6DC51C532B2C473C005C0520 /* RuleMarkView.swift in Sources */ = {isa = PBXBuildFile; fileRef = 6DC51C522B2C473C005C0520 /* RuleMarkView.swift */; };
		6DC51C552B2C4757005C0520 /* LineChartView.swift in Sources */ = {isa = PBXBuildFile; fileRef = 6DC51C542B2C4757005C0520 /* LineChartView.swift */; };
		6DC51C572B2C4778005C0520 /* BarChartView.swift in Sources */ = {isa = PBXBuildFile; fileRef = 6DC51C562B2C4778005C0520 /* BarChartView.swift */; };
		6DC51C592B2C479A005C0520 /* HeatData.swift in Sources */ = {isa = PBXBuildFile; fileRef = 6DC51C582B2C479A005C0520 /* HeatData.swift */; };
		6DC51C5B2B2C47B3005C0520 /* PetData.swift in Sources */ = {isa = PBXBuildFile; fileRef = 6DC51C5A2B2C47B3005C0520 /* PetData.swift */; };
		6DC51C5D2B2C47C7005C0520 /* ChartData.swift in Sources */ = {isa = PBXBuildFile; fileRef = 6DC51C5C2B2C47C7005C0520 /* ChartData.swift */; };
		6DC51C5F2B2C47D6005C0520 /* PetDataSeries.swift in Sources */ = {isa = PBXBuildFile; fileRef = 6DC51C5E2B2C47D6005C0520 /* PetDataSeries.swift */; };
		6DC51C612B2C47FB005C0520 /* PieChartView.swift in Sources */ = {isa = PBXBuildFile; fileRef = 6DC51C602B2C47FB005C0520 /* PieChartView.swift */; };
		6DC51C632B2C4867005C0520 /* GradientAreaChartView.swift in Sources */ = {isa = PBXBuildFile; fileRef = 6DC51C622B2C4867005C0520 /* GradientAreaChartView.swift */; };
		6DC51C6A2B2C4CC6005C0520 /* MapView.swift in Sources */ = {isa = PBXBuildFile; fileRef = 6DC51C692B2C4CC6005C0520 /* MapView.swift */; };
		6DC51C6C2B2C4DA7005C0520 /* Location.swift in Sources */ = {isa = PBXBuildFile; fileRef = 6DC51C6B2B2C4DA7005C0520 /* Location.swift */; };
		6DDB483E2B2B0B88007A0786 /* SheetLargeNavigation.swift in Sources */ = {isa = PBXBuildFile; fileRef = 6DDB483D2B2B0B88007A0786 /* SheetLargeNavigation.swift */; };
		6DDB48412B2B0D68007A0786 /* SheetNavigation.swift in Sources */ = {isa = PBXBuildFile; fileRef = 6DDB48402B2B0D68007A0786 /* SheetNavigation.swift */; };
		6DDB48442B2B0DF5007A0786 /* FullModalNavigation.swift in Sources */ = {isa = PBXBuildFile; fileRef = 6DDB48432B2B0DF5007A0786 /* FullModalNavigation.swift */; };
		6DDB48472B2B1ADD007A0786 /* ContentUnavailableNoMailView.swift in Sources */ = {isa = PBXBuildFile; fileRef = 6DDB48462B2B1ADD007A0786 /* ContentUnavailableNoMailView.swift */; };
		6DDB484A2B2B1B97007A0786 /* ContentUnavailableNoInboxView.swift in Sources */ = {isa = PBXBuildFile; fileRef = 6DDB48492B2B1B97007A0786 /* ContentUnavailableNoInboxView.swift */; };
		6DDB484E2B2B1CB9007A0786 /* ContentUnavailableNoResultsView.swift in Sources */ = {isa = PBXBuildFile; fileRef = 6DDB484D2B2B1CB9007A0786 /* ContentUnavailableNoResultsView.swift */; };
		6DDB48512B2B1D2A007A0786 /* ScreenProgressView.swift in Sources */ = {isa = PBXBuildFile; fileRef = 6DDB48502B2B1D2A007A0786 /* ScreenProgressView.swift */; };
		6DDB48532B2B1D75007A0786 /* OtherProgressView.swift in Sources */ = {isa = PBXBuildFile; fileRef = 6DDB48522B2B1D75007A0786 /* OtherProgressView.swift */; };
		6DDB48562B2B1DD2007A0786 /* AsyncImageView.swift in Sources */ = {isa = PBXBuildFile; fileRef = 6DDB48552B2B1DD2007A0786 /* AsyncImageView.swift */; };
		6DDB485A2B2B1FA5007A0786 /* TextEditorView.swift in Sources */ = {isa = PBXBuildFile; fileRef = 6DDB48592B2B1FA5007A0786 /* TextEditorView.swift */; };
		6DDB485D2B2B202F007A0786 /* OpenLinkView.swift in Sources */ = {isa = PBXBuildFile; fileRef = 6DDB485C2B2B202F007A0786 /* OpenLinkView.swift */; };
		6DDB48602B2B2082007A0786 /* ScrollViewAnimationView.swift in Sources */ = {isa = PBXBuildFile; fileRef = 6DDB485F2B2B2082007A0786 /* ScrollViewAnimationView.swift */; };
		6DDB48622B2B20E2007A0786 /* ItemModel.swift in Sources */ = {isa = PBXBuildFile; fileRef = 6DDB48612B2B20E2007A0786 /* ItemModel.swift */; };
		6DDB48652B2B25C2007A0786 /* GridView.swift in Sources */ = {isa = PBXBuildFile; fileRef = 6DDB48642B2B25C2007A0786 /* GridView.swift */; };
		6DDB48682B2B265B007A0786 /* ContextMenuView.swift in Sources */ = {isa = PBXBuildFile; fileRef = 6DDB48672B2B265B007A0786 /* ContextMenuView.swift */; };
		6DDB486B2B2B26E8007A0786 /* RatingView.swift in Sources */ = {isa = PBXBuildFile; fileRef = 6DDB486A2B2B26E8007A0786 /* RatingView.swift */; };
		6DDB486E2B2B2756007A0786 /* RadialGradientView.swift in Sources */ = {isa = PBXBuildFile; fileRef = 6DDB486D2B2B2756007A0786 /* RadialGradientView.swift */; };
		6DDB48712B2B280F007A0786 /* LoginFormView.swift in Sources */ = {isa = PBXBuildFile; fileRef = 6DDB48702B2B280F007A0786 /* LoginFormView.swift */; };
		6DDB48732B2B2840007A0786 /* LoginFormForgotView.swift in Sources */ = {isa = PBXBuildFile; fileRef = 6DDB48722B2B2840007A0786 /* LoginFormForgotView.swift */; };
		6DDB48762B2B289F007A0786 /* DatePickerView.swift in Sources */ = {isa = PBXBuildFile; fileRef = 6DDB48752B2B289F007A0786 /* DatePickerView.swift */; };
		6DDB48782B2B28DC007A0786 /* DatePickerWithTimeView.swift in Sources */ = {isa = PBXBuildFile; fileRef = 6DDB48772B2B28DC007A0786 /* DatePickerWithTimeView.swift */; };
		6DDB487A2B2B290E007A0786 /* DatePickerScrollView.swift in Sources */ = {isa = PBXBuildFile; fileRef = 6DDB48792B2B290E007A0786 /* DatePickerScrollView.swift */; };
		6DDB487C2B2B295C007A0786 /* DatePickerTimeView.swift in Sources */ = {isa = PBXBuildFile; fileRef = 6DDB487B2B2B295C007A0786 /* DatePickerTimeView.swift */; };
		6DDB487F2B2B29BD007A0786 /* TextAnimationView.swift in Sources */ = {isa = PBXBuildFile; fileRef = 6DDB487E2B2B29BD007A0786 /* TextAnimationView.swift */; };
		6DDB48822B2B2A43007A0786 /* ButtonStylesView.swift in Sources */ = {isa = PBXBuildFile; fileRef = 6DDB48812B2B2A43007A0786 /* ButtonStylesView.swift */; };
		6DDB48852B2B2AAB007A0786 /* LoadingButtonsView.swift in Sources */ = {isa = PBXBuildFile; fileRef = 6DDB48842B2B2AAB007A0786 /* LoadingButtonsView.swift */; };
		6DDB48872B2B2DD1007A0786 /* GaugeProgressStyle.swift in Sources */ = {isa = PBXBuildFile; fileRef = 6DDB48862B2B2DD1007A0786 /* GaugeProgressStyle.swift */; };
		6DDB488B2B2B2E18007A0786 /* BarProgressStyle.swift in Sources */ = {isa = PBXBuildFile; fileRef = 6DDB488A2B2B2E18007A0786 /* BarProgressStyle.swift */; };
		6DDB488D2B2B2EB8007A0786 /* CustomProgressView.swift in Sources */ = {isa = PBXBuildFile; fileRef = 6DDB488C2B2B2EB7007A0786 /* CustomProgressView.swift */; };
		6DDB488F2B2B2F23007A0786 /* CircularLoaderView.swift in Sources */ = {isa = PBXBuildFile; fileRef = 6DDB488E2B2B2F23007A0786 /* CircularLoaderView.swift */; };
		6DDB48912B2B2F63007A0786 /* RotateImageLoaderView.swift in Sources */ = {isa = PBXBuildFile; fileRef = 6DDB48902B2B2F63007A0786 /* RotateImageLoaderView.swift */; };
		6DDB48932B2B3018007A0786 /* RotateCircleAroundCircle.swift in Sources */ = {isa = PBXBuildFile; fileRef = 6DDB48922B2B3018007A0786 /* RotateCircleAroundCircle.swift */; };
		6DDB48952B2B3041007A0786 /* MultiCircleLoaderView.swift in Sources */ = {isa = PBXBuildFile; fileRef = 6DDB48942B2B3041007A0786 /* MultiCircleLoaderView.swift */; };
		6DDB48972B2B306B007A0786 /* SquareLoaderView.swift in Sources */ = {isa = PBXBuildFile; fileRef = 6DDB48962B2B306B007A0786 /* SquareLoaderView.swift */; };
		6DDB48992B2B30DC007A0786 /* AnimatedStrokeRectangle.swift in Sources */ = {isa = PBXBuildFile; fileRef = 6DDB48982B2B30DC007A0786 /* AnimatedStrokeRectangle.swift */; };
		6DDB489B2B2B310A007A0786 /* AnimatedStrokeTriangle.swift in Sources */ = {isa = PBXBuildFile; fileRef = 6DDB489A2B2B310A007A0786 /* AnimatedStrokeTriangle.swift */; };
		6DDB489D2B2B3128007A0786 /* AnimatedStrokeCircle.swift in Sources */ = {isa = PBXBuildFile; fileRef = 6DDB489C2B2B3128007A0786 /* AnimatedStrokeCircle.swift */; };
		6DDB489F2B2B3149007A0786 /* CircleFillLoaderView.swift in Sources */ = {isa = PBXBuildFile; fileRef = 6DDB489E2B2B3149007A0786 /* CircleFillLoaderView.swift */; };
		6DDB48A12B2B3175007A0786 /* CirclesLoaderView.swift in Sources */ = {isa = PBXBuildFile; fileRef = 6DDB48A02B2B3175007A0786 /* CirclesLoaderView.swift */; };
		6DDB48A32B2B319A007A0786 /* ModernCircularLoader.swift in Sources */ = {isa = PBXBuildFile; fileRef = 6DDB48A22B2B319A007A0786 /* ModernCircularLoader.swift */; };
		6DDB48A52B2B31C2007A0786 /* DashCircleLoaderView.swift in Sources */ = {isa = PBXBuildFile; fileRef = 6DDB48A42B2B31C2007A0786 /* DashCircleLoaderView.swift */; };
		6DDB48A72B2B31E8007A0786 /* BottomToTopFill.swift in Sources */ = {isa = PBXBuildFile; fileRef = 6DDB48A62B2B31E8007A0786 /* BottomToTopFill.swift */; };
		6DDB48A92B2B3212007A0786 /* PieSegmentLoader.swift in Sources */ = {isa = PBXBuildFile; fileRef = 6DDB48A82B2B3212007A0786 /* PieSegmentLoader.swift */; };
		6DDB48AC2B2B6600007A0786 /* GradientTextView.swift in Sources */ = {isa = PBXBuildFile; fileRef = 6DDB48AB2B2B6600007A0786 /* GradientTextView.swift */; };
		6DDB48AE2B2B66D5007A0786 /* Unsplash.swift in Sources */ = {isa = PBXBuildFile; fileRef = 6DDB48AD2B2B66D5007A0786 /* Unsplash.swift */; };
		6DDB48B02B2B6707007A0786 /* UnsplashData.swift in Sources */ = {isa = PBXBuildFile; fileRef = 6DDB48AF2B2B6707007A0786 /* UnsplashData.swift */; };
		6DDB48B42B2B6893007A0786 /* DragGestureView.swift in Sources */ = {isa = PBXBuildFile; fileRef = 6DDB48B32B2B6893007A0786 /* DragGestureView.swift */; };
		6DDB48B72B2B68F7007A0786 /* StaggeredTextView.swift in Sources */ = {isa = PBXBuildFile; fileRef = 6DDB48B62B2B68F7007A0786 /* StaggeredTextView.swift */; };
		6DDB48BA2B2B697E007A0786 /* MaterialsView.swift in Sources */ = {isa = PBXBuildFile; fileRef = 6DDB48B92B2B697E007A0786 /* MaterialsView.swift */; };
		6DDB48BD2B2B6B01007A0786 /* VibrancyView.swift in Sources */ = {isa = PBXBuildFile; fileRef = 6DDB48BC2B2B6B01007A0786 /* VibrancyView.swift */; };
		6DDB48C02B2B6B7A007A0786 /* PathMenuView.swift in Sources */ = {isa = PBXBuildFile; fileRef = 6DDB48BF2B2B6B7A007A0786 /* PathMenuView.swift */; };
		6DDB48C32B2B6BEC007A0786 /* VerticalPaggingView.swift in Sources */ = {isa = PBXBuildFile; fileRef = 6DDB48C22B2B6BEC007A0786 /* VerticalPaggingView.swift */; };
		6DDB48C62B2B6CB1007A0786 /* MaterialSaturationView.swift in Sources */ = {isa = PBXBuildFile; fileRef = 6DDB48C52B2B6CB1007A0786 /* MaterialSaturationView.swift */; };
/* End PBXBuildFile section */

/* Begin PBXFileReference section */
		6D6ABE7E2B849F550085F6AE /* Today.swift */ = {isa = PBXFileReference; lastKnownFileType = sourcecode.swift; path = Today.swift; sourceTree = "<group>"; };
		6D6ABE812B84A0590085F6AE /* Home.swift */ = {isa = PBXFileReference; lastKnownFileType = sourcecode.swift; path = Home.swift; sourceTree = "<group>"; };
		6D6ABE832B84A2BE0085F6AE /* CustomCorner.swift */ = {isa = PBXFileReference; lastKnownFileType = sourcecode.swift; path = CustomCorner.swift; sourceTree = "<group>"; };
		6D6CA8092B35AD2C00D46E6C /* ExpandableView.swift */ = {isa = PBXFileReference; lastKnownFileType = sourcecode.swift; path = ExpandableView.swift; sourceTree = "<group>"; };
		6D6CA80B2B35B6F000D46E6C /* ThumbnailView.swift */ = {isa = PBXFileReference; lastKnownFileType = sourcecode.swift; path = ThumbnailView.swift; sourceTree = "<group>"; };
		6D6CA80D2B35B70B00D46E6C /* ExpandedView.swift */ = {isa = PBXFileReference; lastKnownFileType = sourcecode.swift; path = ExpandedView.swift; sourceTree = "<group>"; };
		6D6CA80F2B35B8D600D46E6C /* ContentExpandableView.swift */ = {isa = PBXFileReference; lastKnownFileType = sourcecode.swift; path = ContentExpandableView.swift; sourceTree = "<group>"; };
		6D74427D2B3EB4CA005D1138 /* CarouselView.swift */ = {isa = PBXFileReference; lastKnownFileType = sourcecode.swift; path = CarouselView.swift; sourceTree = "<group>"; };
		6D74427F2B3EC46D005D1138 /* CarouselViewChild.swift */ = {isa = PBXFileReference; lastKnownFileType = sourcecode.swift; path = CarouselViewChild.swift; sourceTree = "<group>"; };
		6D7442822B3ECF89005D1138 /* TipView.swift */ = {isa = PBXFileReference; lastKnownFileType = sourcecode.swift; path = TipView.swift; sourceTree = "<group>"; };
		6D7442842B3ED34F005D1138 /* TipContentView.swift */ = {isa = PBXFileReference; lastKnownFileType = sourcecode.swift; path = TipContentView.swift; sourceTree = "<group>"; };
		6DA29CA22B29CAC800D087C0 /* SwiftUIDesigns.app */ = {isa = PBXFileReference; explicitFileType = wrapper.application; includeInIndex = 0; path = SwiftUIDesigns.app; sourceTree = BUILT_PRODUCTS_DIR; };
		6DA29CA52B29CAC800D087C0 /* SwiftUIDesignsApp.swift */ = {isa = PBXFileReference; lastKnownFileType = sourcecode.swift; path = SwiftUIDesignsApp.swift; sourceTree = "<group>"; };
		6DA29CA72B29CAC800D087C0 /* ContentView.swift */ = {isa = PBXFileReference; lastKnownFileType = sourcecode.swift; path = ContentView.swift; sourceTree = "<group>"; };
		6DA29CA92B29CAC900D087C0 /* Assets.xcassets */ = {isa = PBXFileReference; lastKnownFileType = folder.assetcatalog; path = Assets.xcassets; sourceTree = "<group>"; };
		6DA29CAC2B29CAC900D087C0 /* Preview Assets.xcassets */ = {isa = PBXFileReference; lastKnownFileType = folder.assetcatalog; path = "Preview Assets.xcassets"; sourceTree = "<group>"; };
		6DA29CB32B29CBBB00D087C0 /* Tap.swift */ = {isa = PBXFileReference; lastKnownFileType = sourcecode.swift; path = Tap.swift; sourceTree = "<group>"; };
		6DA29CB52B29D10500D087C0 /* ContentViewCell.swift */ = {isa = PBXFileReference; lastKnownFileType = sourcecode.swift; path = ContentViewCell.swift; sourceTree = "<group>"; };
		6DA29CB72B29D1F100D087C0 /* SideMenu.swift */ = {isa = PBXFileReference; lastKnownFileType = sourcecode.swift; path = SideMenu.swift; sourceTree = "<group>"; };
		6DA29CB92B29D2D200D087C0 /* SideViewContents.swift */ = {isa = PBXFileReference; lastKnownFileType = sourcecode.swift; path = SideViewContents.swift; sourceTree = "<group>"; };
		6DC51C482B2C3CBF005C0520 /* CategoryView.swift */ = {isa = PBXFileReference; lastKnownFileType = sourcecode.swift; path = CategoryView.swift; sourceTree = "<group>"; };
		6DC51C4B2B2C3FF5005C0520 /* SymbolEffectsView.swift */ = {isa = PBXFileReference; lastKnownFileType = sourcecode.swift; path = SymbolEffectsView.swift; sourceTree = "<group>"; };
		6DC51C4E2B2C4212005C0520 /* BarMarkView.swift */ = {isa = PBXFileReference; lastKnownFileType = sourcecode.swift; path = BarMarkView.swift; sourceTree = "<group>"; };
		6DC51C502B2C4709005C0520 /* HeatMapView.swift */ = {isa = PBXFileReference; lastKnownFileType = sourcecode.swift; path = HeatMapView.swift; sourceTree = "<group>"; };
		6DC51C522B2C473C005C0520 /* RuleMarkView.swift */ = {isa = PBXFileReference; lastKnownFileType = sourcecode.swift; path = RuleMarkView.swift; sourceTree = "<group>"; };
		6DC51C542B2C4757005C0520 /* LineChartView.swift */ = {isa = PBXFileReference; lastKnownFileType = sourcecode.swift; path = LineChartView.swift; sourceTree = "<group>"; };
		6DC51C562B2C4778005C0520 /* BarChartView.swift */ = {isa = PBXFileReference; lastKnownFileType = sourcecode.swift; path = BarChartView.swift; sourceTree = "<group>"; };
		6DC51C582B2C479A005C0520 /* HeatData.swift */ = {isa = PBXFileReference; lastKnownFileType = sourcecode.swift; path = HeatData.swift; sourceTree = "<group>"; };
		6DC51C5A2B2C47B3005C0520 /* PetData.swift */ = {isa = PBXFileReference; lastKnownFileType = sourcecode.swift; path = PetData.swift; sourceTree = "<group>"; };
		6DC51C5C2B2C47C7005C0520 /* ChartData.swift */ = {isa = PBXFileReference; lastKnownFileType = sourcecode.swift; path = ChartData.swift; sourceTree = "<group>"; };
		6DC51C5E2B2C47D6005C0520 /* PetDataSeries.swift */ = {isa = PBXFileReference; lastKnownFileType = sourcecode.swift; path = PetDataSeries.swift; sourceTree = "<group>"; };
		6DC51C602B2C47FB005C0520 /* PieChartView.swift */ = {isa = PBXFileReference; lastKnownFileType = sourcecode.swift; path = PieChartView.swift; sourceTree = "<group>"; };
		6DC51C622B2C4867005C0520 /* GradientAreaChartView.swift */ = {isa = PBXFileReference; lastKnownFileType = sourcecode.swift; path = GradientAreaChartView.swift; sourceTree = "<group>"; };
		6DC51C692B2C4CC6005C0520 /* MapView.swift */ = {isa = PBXFileReference; lastKnownFileType = sourcecode.swift; path = MapView.swift; sourceTree = "<group>"; };
		6DC51C6B2B2C4DA7005C0520 /* Location.swift */ = {isa = PBXFileReference; lastKnownFileType = sourcecode.swift; path = Location.swift; sourceTree = "<group>"; };
		6DDB483D2B2B0B88007A0786 /* SheetLargeNavigation.swift */ = {isa = PBXFileReference; lastKnownFileType = sourcecode.swift; path = SheetLargeNavigation.swift; sourceTree = "<group>"; };
		6DDB48402B2B0D68007A0786 /* SheetNavigation.swift */ = {isa = PBXFileReference; lastKnownFileType = sourcecode.swift; path = SheetNavigation.swift; sourceTree = "<group>"; };
		6DDB48432B2B0DF5007A0786 /* FullModalNavigation.swift */ = {isa = PBXFileReference; lastKnownFileType = sourcecode.swift; path = FullModalNavigation.swift; sourceTree = "<group>"; };
		6DDB48462B2B1ADD007A0786 /* ContentUnavailableNoMailView.swift */ = {isa = PBXFileReference; lastKnownFileType = sourcecode.swift; path = ContentUnavailableNoMailView.swift; sourceTree = "<group>"; };
		6DDB48492B2B1B97007A0786 /* ContentUnavailableNoInboxView.swift */ = {isa = PBXFileReference; lastKnownFileType = sourcecode.swift; path = ContentUnavailableNoInboxView.swift; sourceTree = "<group>"; };
		6DDB484D2B2B1CB9007A0786 /* ContentUnavailableNoResultsView.swift */ = {isa = PBXFileReference; lastKnownFileType = sourcecode.swift; path = ContentUnavailableNoResultsView.swift; sourceTree = "<group>"; };
		6DDB48502B2B1D2A007A0786 /* ScreenProgressView.swift */ = {isa = PBXFileReference; lastKnownFileType = sourcecode.swift; path = ScreenProgressView.swift; sourceTree = "<group>"; };
		6DDB48522B2B1D75007A0786 /* OtherProgressView.swift */ = {isa = PBXFileReference; lastKnownFileType = sourcecode.swift; path = OtherProgressView.swift; sourceTree = "<group>"; };
		6DDB48552B2B1DD2007A0786 /* AsyncImageView.swift */ = {isa = PBXFileReference; lastKnownFileType = sourcecode.swift; path = AsyncImageView.swift; sourceTree = "<group>"; };
		6DDB48592B2B1FA5007A0786 /* TextEditorView.swift */ = {isa = PBXFileReference; lastKnownFileType = sourcecode.swift; path = TextEditorView.swift; sourceTree = "<group>"; };
		6DDB485C2B2B202F007A0786 /* OpenLinkView.swift */ = {isa = PBXFileReference; lastKnownFileType = sourcecode.swift; path = OpenLinkView.swift; sourceTree = "<group>"; };
		6DDB485F2B2B2082007A0786 /* ScrollViewAnimationView.swift */ = {isa = PBXFileReference; lastKnownFileType = sourcecode.swift; path = ScrollViewAnimationView.swift; sourceTree = "<group>"; };
		6DDB48612B2B20E2007A0786 /* ItemModel.swift */ = {isa = PBXFileReference; lastKnownFileType = sourcecode.swift; path = ItemModel.swift; sourceTree = "<group>"; };
		6DDB48642B2B25C2007A0786 /* GridView.swift */ = {isa = PBXFileReference; lastKnownFileType = sourcecode.swift; path = GridView.swift; sourceTree = "<group>"; };
		6DDB48672B2B265B007A0786 /* ContextMenuView.swift */ = {isa = PBXFileReference; lastKnownFileType = sourcecode.swift; path = ContextMenuView.swift; sourceTree = "<group>"; };
		6DDB486A2B2B26E8007A0786 /* RatingView.swift */ = {isa = PBXFileReference; lastKnownFileType = sourcecode.swift; path = RatingView.swift; sourceTree = "<group>"; };
		6DDB486D2B2B2756007A0786 /* RadialGradientView.swift */ = {isa = PBXFileReference; lastKnownFileType = sourcecode.swift; path = RadialGradientView.swift; sourceTree = "<group>"; };
		6DDB48702B2B280F007A0786 /* LoginFormView.swift */ = {isa = PBXFileReference; lastKnownFileType = sourcecode.swift; path = LoginFormView.swift; sourceTree = "<group>"; };
		6DDB48722B2B2840007A0786 /* LoginFormForgotView.swift */ = {isa = PBXFileReference; lastKnownFileType = sourcecode.swift; path = LoginFormForgotView.swift; sourceTree = "<group>"; };
		6DDB48752B2B289F007A0786 /* DatePickerView.swift */ = {isa = PBXFileReference; lastKnownFileType = sourcecode.swift; path = DatePickerView.swift; sourceTree = "<group>"; };
		6DDB48772B2B28DC007A0786 /* DatePickerWithTimeView.swift */ = {isa = PBXFileReference; lastKnownFileType = sourcecode.swift; path = DatePickerWithTimeView.swift; sourceTree = "<group>"; };
		6DDB48792B2B290E007A0786 /* DatePickerScrollView.swift */ = {isa = PBXFileReference; lastKnownFileType = sourcecode.swift; path = DatePickerScrollView.swift; sourceTree = "<group>"; };
		6DDB487B2B2B295C007A0786 /* DatePickerTimeView.swift */ = {isa = PBXFileReference; lastKnownFileType = sourcecode.swift; path = DatePickerTimeView.swift; sourceTree = "<group>"; };
		6DDB487E2B2B29BD007A0786 /* TextAnimationView.swift */ = {isa = PBXFileReference; lastKnownFileType = sourcecode.swift; path = TextAnimationView.swift; sourceTree = "<group>"; };
		6DDB48812B2B2A43007A0786 /* ButtonStylesView.swift */ = {isa = PBXFileReference; lastKnownFileType = sourcecode.swift; path = ButtonStylesView.swift; sourceTree = "<group>"; };
		6DDB48842B2B2AAB007A0786 /* LoadingButtonsView.swift */ = {isa = PBXFileReference; lastKnownFileType = sourcecode.swift; path = LoadingButtonsView.swift; sourceTree = "<group>"; };
		6DDB48862B2B2DD1007A0786 /* GaugeProgressStyle.swift */ = {isa = PBXFileReference; lastKnownFileType = sourcecode.swift; path = GaugeProgressStyle.swift; sourceTree = "<group>"; };
		6DDB488A2B2B2E18007A0786 /* BarProgressStyle.swift */ = {isa = PBXFileReference; lastKnownFileType = sourcecode.swift; path = BarProgressStyle.swift; sourceTree = "<group>"; };
		6DDB488C2B2B2EB7007A0786 /* CustomProgressView.swift */ = {isa = PBXFileReference; lastKnownFileType = sourcecode.swift; path = CustomProgressView.swift; sourceTree = "<group>"; };
		6DDB488E2B2B2F23007A0786 /* CircularLoaderView.swift */ = {isa = PBXFileReference; lastKnownFileType = sourcecode.swift; path = CircularLoaderView.swift; sourceTree = "<group>"; };
		6DDB48902B2B2F63007A0786 /* RotateImageLoaderView.swift */ = {isa = PBXFileReference; lastKnownFileType = sourcecode.swift; path = RotateImageLoaderView.swift; sourceTree = "<group>"; };
		6DDB48922B2B3018007A0786 /* RotateCircleAroundCircle.swift */ = {isa = PBXFileReference; lastKnownFileType = sourcecode.swift; path = RotateCircleAroundCircle.swift; sourceTree = "<group>"; };
		6DDB48942B2B3041007A0786 /* MultiCircleLoaderView.swift */ = {isa = PBXFileReference; lastKnownFileType = sourcecode.swift; path = MultiCircleLoaderView.swift; sourceTree = "<group>"; };
		6DDB48962B2B306B007A0786 /* SquareLoaderView.swift */ = {isa = PBXFileReference; lastKnownFileType = sourcecode.swift; path = SquareLoaderView.swift; sourceTree = "<group>"; };
		6DDB48982B2B30DC007A0786 /* AnimatedStrokeRectangle.swift */ = {isa = PBXFileReference; lastKnownFileType = sourcecode.swift; path = AnimatedStrokeRectangle.swift; sourceTree = "<group>"; };
		6DDB489A2B2B310A007A0786 /* AnimatedStrokeTriangle.swift */ = {isa = PBXFileReference; lastKnownFileType = sourcecode.swift; path = AnimatedStrokeTriangle.swift; sourceTree = "<group>"; };
		6DDB489C2B2B3128007A0786 /* AnimatedStrokeCircle.swift */ = {isa = PBXFileReference; lastKnownFileType = sourcecode.swift; path = AnimatedStrokeCircle.swift; sourceTree = "<group>"; };
		6DDB489E2B2B3149007A0786 /* CircleFillLoaderView.swift */ = {isa = PBXFileReference; lastKnownFileType = sourcecode.swift; path = CircleFillLoaderView.swift; sourceTree = "<group>"; };
		6DDB48A02B2B3175007A0786 /* CirclesLoaderView.swift */ = {isa = PBXFileReference; lastKnownFileType = sourcecode.swift; path = CirclesLoaderView.swift; sourceTree = "<group>"; };
		6DDB48A22B2B319A007A0786 /* ModernCircularLoader.swift */ = {isa = PBXFileReference; lastKnownFileType = sourcecode.swift; path = ModernCircularLoader.swift; sourceTree = "<group>"; };
		6DDB48A42B2B31C2007A0786 /* DashCircleLoaderView.swift */ = {isa = PBXFileReference; lastKnownFileType = sourcecode.swift; path = DashCircleLoaderView.swift; sourceTree = "<group>"; };
		6DDB48A62B2B31E8007A0786 /* BottomToTopFill.swift */ = {isa = PBXFileReference; lastKnownFileType = sourcecode.swift; path = BottomToTopFill.swift; sourceTree = "<group>"; };
		6DDB48A82B2B3212007A0786 /* PieSegmentLoader.swift */ = {isa = PBXFileReference; lastKnownFileType = sourcecode.swift; path = PieSegmentLoader.swift; sourceTree = "<group>"; };
		6DDB48AB2B2B6600007A0786 /* GradientTextView.swift */ = {isa = PBXFileReference; lastKnownFileType = sourcecode.swift; path = GradientTextView.swift; sourceTree = "<group>"; };
		6DDB48AD2B2B66D5007A0786 /* Unsplash.swift */ = {isa = PBXFileReference; lastKnownFileType = sourcecode.swift; path = Unsplash.swift; sourceTree = "<group>"; };
		6DDB48AF2B2B6707007A0786 /* UnsplashData.swift */ = {isa = PBXFileReference; lastKnownFileType = sourcecode.swift; path = UnsplashData.swift; sourceTree = "<group>"; };
		6DDB48B32B2B6893007A0786 /* DragGestureView.swift */ = {isa = PBXFileReference; lastKnownFileType = sourcecode.swift; path = DragGestureView.swift; sourceTree = "<group>"; };
		6DDB48B62B2B68F7007A0786 /* StaggeredTextView.swift */ = {isa = PBXFileReference; lastKnownFileType = sourcecode.swift; path = StaggeredTextView.swift; sourceTree = "<group>"; };
		6DDB48B92B2B697E007A0786 /* MaterialsView.swift */ = {isa = PBXFileReference; lastKnownFileType = sourcecode.swift; path = MaterialsView.swift; sourceTree = "<group>"; };
		6DDB48BC2B2B6B01007A0786 /* VibrancyView.swift */ = {isa = PBXFileReference; lastKnownFileType = sourcecode.swift; path = VibrancyView.swift; sourceTree = "<group>"; };
		6DDB48BF2B2B6B7A007A0786 /* PathMenuView.swift */ = {isa = PBXFileReference; lastKnownFileType = sourcecode.swift; path = PathMenuView.swift; sourceTree = "<group>"; };
		6DDB48C22B2B6BEC007A0786 /* VerticalPaggingView.swift */ = {isa = PBXFileReference; lastKnownFileType = sourcecode.swift; path = VerticalPaggingView.swift; sourceTree = "<group>"; };
		6DDB48C52B2B6CB1007A0786 /* MaterialSaturationView.swift */ = {isa = PBXFileReference; lastKnownFileType = sourcecode.swift; path = MaterialSaturationView.swift; sourceTree = "<group>"; };
/* End PBXFileReference section */

/* Begin PBXFrameworksBuildPhase section */
		6DA29C9F2B29CAC800D087C0 /* Frameworks */ = {
			isa = PBXFrameworksBuildPhase;
			buildActionMask = 2147483647;
			files = (
			);
			runOnlyForDeploymentPostprocessing = 0;
		};
/* End PBXFrameworksBuildPhase section */

/* Begin PBXGroup section */
		6D6ABE7A2B849F2C0085F6AE /* Hero Animation */ = {
			isa = PBXGroup;
			children = (
				6D6ABE7B2B849F420085F6AE /* Model */,
				6D6ABE802B84A04E0085F6AE /* View */,
			);
			path = "Hero Animation";
			sourceTree = "<group>";
		};
		6D6ABE7B2B849F420085F6AE /* Model */ = {
			isa = PBXGroup;
			children = (
				6D6ABE7E2B849F550085F6AE /* Today.swift */,
			);
			path = Model;
			sourceTree = "<group>";
		};
		6D6ABE802B84A04E0085F6AE /* View */ = {
			isa = PBXGroup;
			children = (
				6D6ABE812B84A0590085F6AE /* Home.swift */,
				6D6ABE832B84A2BE0085F6AE /* CustomCorner.swift */,
			);
			path = View;
			sourceTree = "<group>";
		};
		6D6CA8082B35ACEE00D46E6C /* Expandable View */ = {
			isa = PBXGroup;
			children = (
				6D6CA8092B35AD2C00D46E6C /* ExpandableView.swift */,
				6D6CA80B2B35B6F000D46E6C /* ThumbnailView.swift */,
				6D6CA80D2B35B70B00D46E6C /* ExpandedView.swift */,
				6D6CA80F2B35B8D600D46E6C /* ContentExpandableView.swift */,
			);
			path = "Expandable View";
			sourceTree = "<group>";
		};
		6D74427C2B3EB4AB005D1138 /* Carousel View */ = {
			isa = PBXGroup;
			children = (
				6D74427D2B3EB4CA005D1138 /* CarouselView.swift */,
				6D74427F2B3EC46D005D1138 /* CarouselViewChild.swift */,
			);
			path = "Carousel View";
			sourceTree = "<group>";
		};
		6D7442812B3ECF74005D1138 /* Tip View */ = {
			isa = PBXGroup;
			children = (
				6D7442822B3ECF89005D1138 /* TipView.swift */,
				6D7442842B3ED34F005D1138 /* TipContentView.swift */,
			);
			path = "Tip View";
			sourceTree = "<group>";
		};
		6DA29C992B29CAC800D087C0 = {
			isa = PBXGroup;
			children = (
				6DA29CA42B29CAC800D087C0 /* SwiftUIDesigns */,
				6DA29CA32B29CAC800D087C0 /* Products */,
			);
			sourceTree = "<group>";
		};
		6DA29CA32B29CAC800D087C0 /* Products */ = {
			isa = PBXGroup;
			children = (
				6DA29CA22B29CAC800D087C0 /* SwiftUIDesigns.app */,
			);
			name = Products;
			sourceTree = "<group>";
		};
		6DA29CA42B29CAC800D087C0 /* SwiftUIDesigns */ = {
			isa = PBXGroup;
			children = (
				6D6ABE7A2B849F2C0085F6AE /* Hero Animation */,
				6DDB484F2B2B1D0E007A0786 /* Progress View */,
				6DDB48572B2B1F63007A0786 /* Navigation */,
				6DDB483B2B2B0B2C007A0786 /* Side Menu */,
				6DDB484C2B2B1C9F007A0786 /* Content Unavailable */,
				6DDB48542B2B1DC0007A0786 /* Async Image */,
				6DDB483A2B2B0B13007A0786 /* 3D Tab Bar */,
				6DDB48582B2B1F91007A0786 /* Text Editor */,
				6DDB485B2B2B201B007A0786 /* Open Link */,
				6DDB485E2B2B206C007A0786 /* ScrollViewAnimation */,
				6DDB48632B2B25A9007A0786 /* GridView */,
				6DDB48662B2B264B007A0786 /* ContextMenu */,
				6DDB48692B2B26D9007A0786 /* RatingView */,
				6DDB486C2B2B2744007A0786 /* Radial Gradient */,
				6DDB486F2B2B27F5007A0786 /* LoginForm */,
				6DDB48742B2B287A007A0786 /* Picker */,
				6DDB487D2B2B29AD007A0786 /* Text Animation */,
				6DDB48802B2B2A33007A0786 /* Button Styles */,
				6DDB48832B2B2A95007A0786 /* LoadingButtons */,
				6DDB48AA2B2B65EF007A0786 /* GradientText */,
				6DDB48B12B2B6839007A0786 /* Unsplash */,
				6DDB48B22B2B6882007A0786 /* DragGesture */,
				6DDB48B52B2B68E2007A0786 /* Staggered Text */,
				6DDB48B82B2B6969007A0786 /* Materials */,
				6DDB48BB2B2B6AF1007A0786 /* Vibrancy */,
				6DDB48BE2B2B6B69007A0786 /* PathMenu */,
				6DDB48C12B2B6BDC007A0786 /* Vertical Paging */,
				6DDB48C42B2B6C9F007A0786 /* MaterialSaturation */,
				6DC51C472B2C3CB0005C0520 /* TopMenu */,
				6DC51C4A2B2C3FE3005C0520 /* Symbol Effects */,
				6DC51C4D2B2C4203005C0520 /* Graphs */,
				6DC51C682B2C4C7E005C0520 /* Map */,
				6D6CA8082B35ACEE00D46E6C /* Expandable View */,
				6D74427C2B3EB4AB005D1138 /* Carousel View */,
				6D7442812B3ECF74005D1138 /* Tip View */,
				6DA29CA52B29CAC800D087C0 /* SwiftUIDesignsApp.swift */,
				6DA29CA72B29CAC800D087C0 /* ContentView.swift */,
				6DA29CB52B29D10500D087C0 /* ContentViewCell.swift */,
				6DA29CA92B29CAC900D087C0 /* Assets.xcassets */,
				6DA29CAB2B29CAC900D087C0 /* Preview Content */,
			);
			path = SwiftUIDesigns;
			sourceTree = "<group>";
		};
		6DA29CAB2B29CAC900D087C0 /* Preview Content */ = {
			isa = PBXGroup;
			children = (
				6DA29CAC2B29CAC900D087C0 /* Preview Assets.xcassets */,
			);
			path = "Preview Content";
			sourceTree = "<group>";
		};
		6DC51C472B2C3CB0005C0520 /* TopMenu */ = {
			isa = PBXGroup;
			children = (
				6DC51C482B2C3CBF005C0520 /* CategoryView.swift */,
			);
			path = TopMenu;
			sourceTree = "<group>";
		};
		6DC51C4A2B2C3FE3005C0520 /* Symbol Effects */ = {
			isa = PBXGroup;
			children = (
				6DC51C4B2B2C3FF5005C0520 /* SymbolEffectsView.swift */,
			);
			path = "Symbol Effects";
			sourceTree = "<group>";
		};
		6DC51C4D2B2C4203005C0520 /* Graphs */ = {
			isa = PBXGroup;
			children = (
				6DC51C642B2C49B2005C0520 /* Items */,
				6DC51C4E2B2C4212005C0520 /* BarMarkView.swift */,
				6DC51C502B2C4709005C0520 /* HeatMapView.swift */,
				6DC51C522B2C473C005C0520 /* RuleMarkView.swift */,
				6DC51C542B2C4757005C0520 /* LineChartView.swift */,
				6DC51C562B2C4778005C0520 /* BarChartView.swift */,
				6DC51C602B2C47FB005C0520 /* PieChartView.swift */,
				6DC51C622B2C4867005C0520 /* GradientAreaChartView.swift */,
			);
			path = Graphs;
			sourceTree = "<group>";
		};
		6DC51C642B2C49B2005C0520 /* Items */ = {
			isa = PBXGroup;
			children = (
				6DC51C5E2B2C47D6005C0520 /* PetDataSeries.swift */,
				6DC51C5C2B2C47C7005C0520 /* ChartData.swift */,
				6DC51C5A2B2C47B3005C0520 /* PetData.swift */,
				6DC51C582B2C479A005C0520 /* HeatData.swift */,
			);
			path = Items;
			sourceTree = "<group>";
		};
		6DC51C682B2C4C7E005C0520 /* Map */ = {
			isa = PBXGroup;
			children = (
				6DC51C692B2C4CC6005C0520 /* MapView.swift */,
				6DC51C6B2B2C4DA7005C0520 /* Location.swift */,
			);
			path = Map;
			sourceTree = "<group>";
		};
		6DDB483A2B2B0B13007A0786 /* 3D Tab Bar */ = {
			isa = PBXGroup;
			children = (
				6DA29CB32B29CBBB00D087C0 /* Tap.swift */,
			);
			path = "3D Tab Bar";
			sourceTree = "<group>";
		};
		6DDB483B2B2B0B2C007A0786 /* Side Menu */ = {
			isa = PBXGroup;
			children = (
				6DA29CB72B29D1F100D087C0 /* SideMenu.swift */,
				6DA29CB92B29D2D200D087C0 /* SideViewContents.swift */,
			);
			path = "Side Menu";
			sourceTree = "<group>";
		};
		6DDB483C2B2B0B73007A0786 /* Sheet Large Navigation */ = {
			isa = PBXGroup;
			children = (
				6DDB483D2B2B0B88007A0786 /* SheetLargeNavigation.swift */,
			);
			path = "Sheet Large Navigation";
			sourceTree = "<group>";
		};
		6DDB483F2B2B0D3C007A0786 /* Sheet Navigation */ = {
			isa = PBXGroup;
			children = (
				6DDB48402B2B0D68007A0786 /* SheetNavigation.swift */,
			);
			path = "Sheet Navigation";
			sourceTree = "<group>";
		};
		6DDB48422B2B0DDF007A0786 /* Full Modal Navigation */ = {
			isa = PBXGroup;
			children = (
				6DDB48432B2B0DF5007A0786 /* FullModalNavigation.swift */,
			);
			path = "Full Modal Navigation";
			sourceTree = "<group>";
		};
		6DDB48452B2B1AAD007A0786 /* Content Unavailable No Mail */ = {
			isa = PBXGroup;
			children = (
				6DDB48462B2B1ADD007A0786 /* ContentUnavailableNoMailView.swift */,
			);
			path = "Content Unavailable No Mail";
			sourceTree = "<group>";
		};
		6DDB48482B2B1B7A007A0786 /* Content Unavailable No Inbox */ = {
			isa = PBXGroup;
			children = (
				6DDB48492B2B1B97007A0786 /* ContentUnavailableNoInboxView.swift */,
			);
			path = "Content Unavailable No Inbox";
			sourceTree = "<group>";
		};
		6DDB484B2B2B1C6E007A0786 /* Content Unavailable No Results */ = {
			isa = PBXGroup;
			children = (
				6DDB484D2B2B1CB9007A0786 /* ContentUnavailableNoResultsView.swift */,
			);
			path = "Content Unavailable No Results";
			sourceTree = "<group>";
		};
		6DDB484C2B2B1C9F007A0786 /* Content Unavailable */ = {
			isa = PBXGroup;
			children = (
				6DDB48452B2B1AAD007A0786 /* Content Unavailable No Mail */,
				6DDB48482B2B1B7A007A0786 /* Content Unavailable No Inbox */,
				6DDB484B2B2B1C6E007A0786 /* Content Unavailable No Results */,
			);
			path = "Content Unavailable";
			sourceTree = "<group>";
		};
		6DDB484F2B2B1D0E007A0786 /* Progress View */ = {
			isa = PBXGroup;
			children = (
				6DDB48502B2B1D2A007A0786 /* ScreenProgressView.swift */,
				6DDB48522B2B1D75007A0786 /* OtherProgressView.swift */,
			);
			path = "Progress View";
			sourceTree = "<group>";
		};
		6DDB48542B2B1DC0007A0786 /* Async Image */ = {
			isa = PBXGroup;
			children = (
				6DDB48552B2B1DD2007A0786 /* AsyncImageView.swift */,
			);
			path = "Async Image";
			sourceTree = "<group>";
		};
		6DDB48572B2B1F63007A0786 /* Navigation */ = {
			isa = PBXGroup;
			children = (
				6DDB483C2B2B0B73007A0786 /* Sheet Large Navigation */,
				6DDB483F2B2B0D3C007A0786 /* Sheet Navigation */,
				6DDB48422B2B0DDF007A0786 /* Full Modal Navigation */,
			);
			path = Navigation;
			sourceTree = "<group>";
		};
		6DDB48582B2B1F91007A0786 /* Text Editor */ = {
			isa = PBXGroup;
			children = (
				6DDB48592B2B1FA5007A0786 /* TextEditorView.swift */,
			);
			path = "Text Editor";
			sourceTree = "<group>";
		};
		6DDB485B2B2B201B007A0786 /* Open Link */ = {
			isa = PBXGroup;
			children = (
				6DDB485C2B2B202F007A0786 /* OpenLinkView.swift */,
			);
			path = "Open Link";
			sourceTree = "<group>";
		};
		6DDB485E2B2B206C007A0786 /* ScrollViewAnimation */ = {
			isa = PBXGroup;
			children = (
				6DDB485F2B2B2082007A0786 /* ScrollViewAnimationView.swift */,
				6DDB48612B2B20E2007A0786 /* ItemModel.swift */,
			);
			path = ScrollViewAnimation;
			sourceTree = "<group>";
		};
		6DDB48632B2B25A9007A0786 /* GridView */ = {
			isa = PBXGroup;
			children = (
				6DDB48642B2B25C2007A0786 /* GridView.swift */,
			);
			path = GridView;
			sourceTree = "<group>";
		};
		6DDB48662B2B264B007A0786 /* ContextMenu */ = {
			isa = PBXGroup;
			children = (
				6DDB48672B2B265B007A0786 /* ContextMenuView.swift */,
			);
			path = ContextMenu;
			sourceTree = "<group>";
		};
		6DDB48692B2B26D9007A0786 /* RatingView */ = {
			isa = PBXGroup;
			children = (
				6DDB486A2B2B26E8007A0786 /* RatingView.swift */,
			);
			path = RatingView;
			sourceTree = "<group>";
		};
		6DDB486C2B2B2744007A0786 /* Radial Gradient */ = {
			isa = PBXGroup;
			children = (
				6DDB486D2B2B2756007A0786 /* RadialGradientView.swift */,
			);
			path = "Radial Gradient";
			sourceTree = "<group>";
		};
		6DDB486F2B2B27F5007A0786 /* LoginForm */ = {
			isa = PBXGroup;
			children = (
				6DDB48702B2B280F007A0786 /* LoginFormView.swift */,
				6DDB48722B2B2840007A0786 /* LoginFormForgotView.swift */,
			);
			path = LoginForm;
			sourceTree = "<group>";
		};
		6DDB48742B2B287A007A0786 /* Picker */ = {
			isa = PBXGroup;
			children = (
				6DDB48752B2B289F007A0786 /* DatePickerView.swift */,
				6DDB48772B2B28DC007A0786 /* DatePickerWithTimeView.swift */,
				6DDB48792B2B290E007A0786 /* DatePickerScrollView.swift */,
				6DDB487B2B2B295C007A0786 /* DatePickerTimeView.swift */,
			);
			path = Picker;
			sourceTree = "<group>";
		};
		6DDB487D2B2B29AD007A0786 /* Text Animation */ = {
			isa = PBXGroup;
			children = (
				6DDB487E2B2B29BD007A0786 /* TextAnimationView.swift */,
			);
			path = "Text Animation";
			sourceTree = "<group>";
		};
		6DDB48802B2B2A33007A0786 /* Button Styles */ = {
			isa = PBXGroup;
			children = (
				6DDB48812B2B2A43007A0786 /* ButtonStylesView.swift */,
			);
			path = "Button Styles";
			sourceTree = "<group>";
		};
		6DDB48832B2B2A95007A0786 /* LoadingButtons */ = {
			isa = PBXGroup;
			children = (
				6DDB48842B2B2AAB007A0786 /* LoadingButtonsView.swift */,
				6DDB48862B2B2DD1007A0786 /* GaugeProgressStyle.swift */,
				6DDB488A2B2B2E18007A0786 /* BarProgressStyle.swift */,
				6DDB488C2B2B2EB7007A0786 /* CustomProgressView.swift */,
				6DDB488E2B2B2F23007A0786 /* CircularLoaderView.swift */,
				6DDB48902B2B2F63007A0786 /* RotateImageLoaderView.swift */,
				6DDB48922B2B3018007A0786 /* RotateCircleAroundCircle.swift */,
				6DDB48942B2B3041007A0786 /* MultiCircleLoaderView.swift */,
				6DDB48962B2B306B007A0786 /* SquareLoaderView.swift */,
				6DDB48982B2B30DC007A0786 /* AnimatedStrokeRectangle.swift */,
				6DDB489A2B2B310A007A0786 /* AnimatedStrokeTriangle.swift */,
				6DDB489C2B2B3128007A0786 /* AnimatedStrokeCircle.swift */,
				6DDB489E2B2B3149007A0786 /* CircleFillLoaderView.swift */,
				6DDB48A02B2B3175007A0786 /* CirclesLoaderView.swift */,
				6DDB48A22B2B319A007A0786 /* ModernCircularLoader.swift */,
				6DDB48A42B2B31C2007A0786 /* DashCircleLoaderView.swift */,
				6DDB48A62B2B31E8007A0786 /* BottomToTopFill.swift */,
				6DDB48A82B2B3212007A0786 /* PieSegmentLoader.swift */,
			);
			path = LoadingButtons;
			sourceTree = "<group>";
		};
		6DDB48AA2B2B65EF007A0786 /* GradientText */ = {
			isa = PBXGroup;
			children = (
				6DDB48AB2B2B6600007A0786 /* GradientTextView.swift */,
			);
			path = GradientText;
			sourceTree = "<group>";
		};
		6DDB48B12B2B6839007A0786 /* Unsplash */ = {
			isa = PBXGroup;
			children = (
				6DDB48AD2B2B66D5007A0786 /* Unsplash.swift */,
				6DDB48AF2B2B6707007A0786 /* UnsplashData.swift */,
			);
			path = Unsplash;
			sourceTree = "<group>";
		};
		6DDB48B22B2B6882007A0786 /* DragGesture */ = {
			isa = PBXGroup;
			children = (
				6DDB48B32B2B6893007A0786 /* DragGestureView.swift */,
			);
			path = DragGesture;
			sourceTree = "<group>";
		};
		6DDB48B52B2B68E2007A0786 /* Staggered Text */ = {
			isa = PBXGroup;
			children = (
				6DDB48B62B2B68F7007A0786 /* StaggeredTextView.swift */,
			);
			path = "Staggered Text";
			sourceTree = "<group>";
		};
		6DDB48B82B2B6969007A0786 /* Materials */ = {
			isa = PBXGroup;
			children = (
				6DDB48B92B2B697E007A0786 /* MaterialsView.swift */,
			);
			path = Materials;
			sourceTree = "<group>";
		};
		6DDB48BB2B2B6AF1007A0786 /* Vibrancy */ = {
			isa = PBXGroup;
			children = (
				6DDB48BC2B2B6B01007A0786 /* VibrancyView.swift */,
			);
			path = Vibrancy;
			sourceTree = "<group>";
		};
		6DDB48BE2B2B6B69007A0786 /* PathMenu */ = {
			isa = PBXGroup;
			children = (
				6DDB48BF2B2B6B7A007A0786 /* PathMenuView.swift */,
			);
			path = PathMenu;
			sourceTree = "<group>";
		};
		6DDB48C12B2B6BDC007A0786 /* Vertical Paging */ = {
			isa = PBXGroup;
			children = (
				6DDB48C22B2B6BEC007A0786 /* VerticalPaggingView.swift */,
			);
			path = "Vertical Paging";
			sourceTree = "<group>";
		};
		6DDB48C42B2B6C9F007A0786 /* MaterialSaturation */ = {
			isa = PBXGroup;
			children = (
				6DDB48C52B2B6CB1007A0786 /* MaterialSaturationView.swift */,
			);
			path = MaterialSaturation;
			sourceTree = "<group>";
		};
/* End PBXGroup section */

/* Begin PBXNativeTarget section */
		6DA29CA12B29CAC800D087C0 /* SwiftUIDesigns */ = {
			isa = PBXNativeTarget;
			buildConfigurationList = 6DA29CB02B29CAC900D087C0 /* Build configuration list for PBXNativeTarget "SwiftUIDesigns" */;
			buildPhases = (
				6DA29C9E2B29CAC800D087C0 /* Sources */,
				6DA29C9F2B29CAC800D087C0 /* Frameworks */,
				6DA29CA02B29CAC800D087C0 /* Resources */,
			);
			buildRules = (
			);
			dependencies = (
			);
			name = SwiftUIDesigns;
			productName = SwiftUIDesigns;
			productReference = 6DA29CA22B29CAC800D087C0 /* SwiftUIDesigns.app */;
			productType = "com.apple.product-type.application";
		};
/* End PBXNativeTarget section */

/* Begin PBXProject section */
		6DA29C9A2B29CAC800D087C0 /* Project object */ = {
			isa = PBXProject;
			attributes = {
				BuildIndependentTargetsInParallel = 1;
				LastSwiftUpdateCheck = 1500;
				LastUpgradeCheck = 1500;
				TargetAttributes = {
					6DA29CA12B29CAC800D087C0 = {
						CreatedOnToolsVersion = 15.0.1;
					};
				};
			};
			buildConfigurationList = 6DA29C9D2B29CAC800D087C0 /* Build configuration list for PBXProject "SwiftUIDesigns" */;
			compatibilityVersion = "Xcode 14.0";
			developmentRegion = en;
			hasScannedForEncodings = 0;
			knownRegions = (
				en,
				Base,
			);
			mainGroup = 6DA29C992B29CAC800D087C0;
			productRefGroup = 6DA29CA32B29CAC800D087C0 /* Products */;
			projectDirPath = "";
			projectRoot = "";
			targets = (
				6DA29CA12B29CAC800D087C0 /* SwiftUIDesigns */,
			);
		};
/* End PBXProject section */

/* Begin PBXResourcesBuildPhase section */
		6DA29CA02B29CAC800D087C0 /* Resources */ = {
			isa = PBXResourcesBuildPhase;
			buildActionMask = 2147483647;
			files = (
				6DA29CAD2B29CAC900D087C0 /* Preview Assets.xcassets in Resources */,
				6DA29CAA2B29CAC900D087C0 /* Assets.xcassets in Resources */,
			);
			runOnlyForDeploymentPostprocessing = 0;
		};
/* End PBXResourcesBuildPhase section */

/* Begin PBXSourcesBuildPhase section */
		6DA29C9E2B29CAC800D087C0 /* Sources */ = {
			isa = PBXSourcesBuildPhase;
			buildActionMask = 2147483647;
			files = (
				6DA29CB42B29CBBB00D087C0 /* Tap.swift in Sources */,
				6DC51C632B2C4867005C0520 /* GradientAreaChartView.swift in Sources */,
				6DDB484A2B2B1B97007A0786 /* ContentUnavailableNoInboxView.swift in Sources */,
				6DC51C4C2B2C3FF5005C0520 /* SymbolEffectsView.swift in Sources */,
				6DDB48B72B2B68F7007A0786 /* StaggeredTextView.swift in Sources */,
				6DDB48912B2B2F63007A0786 /* RotateImageLoaderView.swift in Sources */,
				6DDB48952B2B3041007A0786 /* MultiCircleLoaderView.swift in Sources */,
				6DDB48622B2B20E2007A0786 /* ItemModel.swift in Sources */,
				6DDB48B02B2B6707007A0786 /* UnsplashData.swift in Sources */,
				6D6CA80C2B35B6F000D46E6C /* ThumbnailView.swift in Sources */,
				6DDB48872B2B2DD1007A0786 /* GaugeProgressStyle.swift in Sources */,
				6DDB48532B2B1D75007A0786 /* OtherProgressView.swift in Sources */,
				6DDB48412B2B0D68007A0786 /* SheetNavigation.swift in Sources */,
				6DDB48C32B2B6BEC007A0786 /* VerticalPaggingView.swift in Sources */,
				6D7442852B3ED350005D1138 /* TipContentView.swift in Sources */,
				6D6CA80E2B35B70B00D46E6C /* ExpandedView.swift in Sources */,
				6DC51C572B2C4778005C0520 /* BarChartView.swift in Sources */,
				6DDB487C2B2B295C007A0786 /* DatePickerTimeView.swift in Sources */,
				6DA29CBA2B29D2D200D087C0 /* SideViewContents.swift in Sources */,
				6D6CA8102B35B8D600D46E6C /* ContentExpandableView.swift in Sources */,
				6DDB48822B2B2A43007A0786 /* ButtonStylesView.swift in Sources */,
				6D6ABE842B84A2BE0085F6AE /* CustomCorner.swift in Sources */,
				6DC51C5D2B2C47C7005C0520 /* ChartData.swift in Sources */,
				6DC51C492B2C3CBF005C0520 /* CategoryView.swift in Sources */,
				6DDB48682B2B265B007A0786 /* ContextMenuView.swift in Sources */,
				6DDB48B42B2B6893007A0786 /* DragGestureView.swift in Sources */,
				6DA29CA82B29CAC800D087C0 /* ContentView.swift in Sources */,
				6D74427E2B3EB4CA005D1138 /* CarouselView.swift in Sources */,
				6DC51C592B2C479A005C0520 /* HeatData.swift in Sources */,
				6DDB485A2B2B1FA5007A0786 /* TextEditorView.swift in Sources */,
				6DC51C512B2C4709005C0520 /* HeatMapView.swift in Sources */,
				6DDB484E2B2B1CB9007A0786 /* ContentUnavailableNoResultsView.swift in Sources */,
				6D6ABE7F2B849F550085F6AE /* Today.swift in Sources */,
				6DDB48442B2B0DF5007A0786 /* FullModalNavigation.swift in Sources */,
				6D7442802B3EC46D005D1138 /* CarouselViewChild.swift in Sources */,
				6D6ABE822B84A0590085F6AE /* Home.swift in Sources */,
				6DDB487A2B2B290E007A0786 /* DatePickerScrollView.swift in Sources */,
				6DDB486B2B2B26E8007A0786 /* RatingView.swift in Sources */,
				6DDB48A72B2B31E8007A0786 /* BottomToTopFill.swift in Sources */,
				6DDB48562B2B1DD2007A0786 /* AsyncImageView.swift in Sources */,
				6DDB48C02B2B6B7A007A0786 /* PathMenuView.swift in Sources */,
				6DA29CB82B29D1F100D087C0 /* SideMenu.swift in Sources */,
				6DDB48A32B2B319A007A0786 /* ModernCircularLoader.swift in Sources */,
				6DDB48C62B2B6CB1007A0786 /* MaterialSaturationView.swift in Sources */,
				6DDB48A52B2B31C2007A0786 /* DashCircleLoaderView.swift in Sources */,
				6DC51C4F2B2C4212005C0520 /* BarMarkView.swift in Sources */,
				6D6CA80A2B35AD2C00D46E6C /* ExpandableView.swift in Sources */,
				6DDB48972B2B306B007A0786 /* SquareLoaderView.swift in Sources */,
				6DDB48A92B2B3212007A0786 /* PieSegmentLoader.swift in Sources */,
				6DDB48712B2B280F007A0786 /* LoginFormView.swift in Sources */,
				6DDB483E2B2B0B88007A0786 /* SheetLargeNavigation.swift in Sources */,
				6DDB48472B2B1ADD007A0786 /* ContentUnavailableNoMailView.swift in Sources */,
				6DDB48992B2B30DC007A0786 /* AnimatedStrokeRectangle.swift in Sources */,
				6DA29CB62B29D10500D087C0 /* ContentViewCell.swift in Sources */,
				6DDB485D2B2B202F007A0786 /* OpenLinkView.swift in Sources */,
				6DDB489D2B2B3128007A0786 /* AnimatedStrokeCircle.swift in Sources */,
				6DC51C612B2C47FB005C0520 /* PieChartView.swift in Sources */,
				6DDB48602B2B2082007A0786 /* ScrollViewAnimationView.swift in Sources */,
				6DC51C532B2C473C005C0520 /* RuleMarkView.swift in Sources */,
				6DDB48AE2B2B66D5007A0786 /* Unsplash.swift in Sources */,
				6DC51C5B2B2C47B3005C0520 /* PetData.swift in Sources */,
				6DDB48732B2B2840007A0786 /* LoginFormForgotView.swift in Sources */,
				6DC51C6C2B2C4DA7005C0520 /* Location.swift in Sources */,
				6DDB48512B2B1D2A007A0786 /* ScreenProgressView.swift in Sources */,
				6DDB488F2B2B2F23007A0786 /* CircularLoaderView.swift in Sources */,
				6DDB487F2B2B29BD007A0786 /* TextAnimationView.swift in Sources */,
				6DDB48A12B2B3175007A0786 /* CirclesLoaderView.swift in Sources */,
				6DDB48782B2B28DC007A0786 /* DatePickerWithTimeView.swift in Sources */,
				6DDB48852B2B2AAB007A0786 /* LoadingButtonsView.swift in Sources */,
				6DC51C6A2B2C4CC6005C0520 /* MapView.swift in Sources */,
				6DC51C5F2B2C47D6005C0520 /* PetDataSeries.swift in Sources */,
				6DDB48762B2B289F007A0786 /* DatePickerView.swift in Sources */,
				6DDB488B2B2B2E18007A0786 /* BarProgressStyle.swift in Sources */,
				6DDB48BD2B2B6B01007A0786 /* VibrancyView.swift in Sources */,
				6DDB489B2B2B310A007A0786 /* AnimatedStrokeTriangle.swift in Sources */,
				6D7442832B3ECF89005D1138 /* TipView.swift in Sources */,
				6DDB48AC2B2B6600007A0786 /* GradientTextView.swift in Sources */,
				6DC51C552B2C4757005C0520 /* LineChartView.swift in Sources */,
				6DDB48932B2B3018007A0786 /* RotateCircleAroundCircle.swift in Sources */,
				6DDB486E2B2B2756007A0786 /* RadialGradientView.swift in Sources */,
				6DDB48BA2B2B697E007A0786 /* MaterialsView.swift in Sources */,
				6DDB489F2B2B3149007A0786 /* CircleFillLoaderView.swift in Sources */,
				6DDB48652B2B25C2007A0786 /* GridView.swift in Sources */,
				6DDB488D2B2B2EB8007A0786 /* CustomProgressView.swift in Sources */,
				6DA29CA62B29CAC800D087C0 /* SwiftUIDesignsApp.swift in Sources */,
			);
			runOnlyForDeploymentPostprocessing = 0;
		};
/* End PBXSourcesBuildPhase section */

/* Begin XCBuildConfiguration section */
		6DA29CAE2B29CAC900D087C0 /* Debug */ = {
			isa = XCBuildConfiguration;
			buildSettings = {
				ALWAYS_SEARCH_USER_PATHS = NO;
				ASSETCATALOG_COMPILER_GENERATE_SWIFT_ASSET_SYMBOL_EXTENSIONS = YES;
				CLANG_ANALYZER_NONNULL = YES;
				CLANG_ANALYZER_NUMBER_OBJECT_CONVERSION = YES_AGGRESSIVE;
				CLANG_CXX_LANGUAGE_STANDARD = "gnu++20";
				CLANG_ENABLE_MODULES = YES;
				CLANG_ENABLE_OBJC_ARC = YES;
				CLANG_ENABLE_OBJC_WEAK = YES;
				CLANG_WARN_BLOCK_CAPTURE_AUTORELEASING = YES;
				CLANG_WARN_BOOL_CONVERSION = YES;
				CLANG_WARN_COMMA = YES;
				CLANG_WARN_CONSTANT_CONVERSION = YES;
				CLANG_WARN_DEPRECATED_OBJC_IMPLEMENTATIONS = YES;
				CLANG_WARN_DIRECT_OBJC_ISA_USAGE = YES_ERROR;
				CLANG_WARN_DOCUMENTATION_COMMENTS = YES;
				CLANG_WARN_EMPTY_BODY = YES;
				CLANG_WARN_ENUM_CONVERSION = YES;
				CLANG_WARN_INFINITE_RECURSION = YES;
				CLANG_WARN_INT_CONVERSION = YES;
				CLANG_WARN_NON_LITERAL_NULL_CONVERSION = YES;
				CLANG_WARN_OBJC_IMPLICIT_RETAIN_SELF = YES;
				CLANG_WARN_OBJC_LITERAL_CONVERSION = YES;
				CLANG_WARN_OBJC_ROOT_CLASS = YES_ERROR;
				CLANG_WARN_QUOTED_INCLUDE_IN_FRAMEWORK_HEADER = YES;
				CLANG_WARN_RANGE_LOOP_ANALYSIS = YES;
				CLANG_WARN_STRICT_PROTOTYPES = YES;
				CLANG_WARN_SUSPICIOUS_MOVE = YES;
				CLANG_WARN_UNGUARDED_AVAILABILITY = YES_AGGRESSIVE;
				CLANG_WARN_UNREACHABLE_CODE = YES;
				CLANG_WARN__DUPLICATE_METHOD_MATCH = YES;
				COPY_PHASE_STRIP = NO;
				DEBUG_INFORMATION_FORMAT = dwarf;
				ENABLE_STRICT_OBJC_MSGSEND = YES;
				ENABLE_TESTABILITY = YES;
				ENABLE_USER_SCRIPT_SANDBOXING = YES;
				GCC_C_LANGUAGE_STANDARD = gnu17;
				GCC_DYNAMIC_NO_PIC = NO;
				GCC_NO_COMMON_BLOCKS = YES;
				GCC_OPTIMIZATION_LEVEL = 0;
				GCC_PREPROCESSOR_DEFINITIONS = (
					"DEBUG=1",
					"$(inherited)",
				);
				GCC_WARN_64_TO_32_BIT_CONVERSION = YES;
				GCC_WARN_ABOUT_RETURN_TYPE = YES_ERROR;
				GCC_WARN_UNDECLARED_SELECTOR = YES;
				GCC_WARN_UNINITIALIZED_AUTOS = YES_AGGRESSIVE;
				GCC_WARN_UNUSED_FUNCTION = YES;
				GCC_WARN_UNUSED_VARIABLE = YES;
				IPHONEOS_DEPLOYMENT_TARGET = 17.0;
				LOCALIZATION_PREFERS_STRING_CATALOGS = YES;
				MTL_ENABLE_DEBUG_INFO = INCLUDE_SOURCE;
				MTL_FAST_MATH = YES;
				ONLY_ACTIVE_ARCH = YES;
				SDKROOT = iphoneos;
				SWIFT_ACTIVE_COMPILATION_CONDITIONS = "DEBUG $(inherited)";
				SWIFT_OPTIMIZATION_LEVEL = "-Onone";
			};
			name = Debug;
		};
		6DA29CAF2B29CAC900D087C0 /* Release */ = {
			isa = XCBuildConfiguration;
			buildSettings = {
				ALWAYS_SEARCH_USER_PATHS = NO;
				ASSETCATALOG_COMPILER_GENERATE_SWIFT_ASSET_SYMBOL_EXTENSIONS = YES;
				CLANG_ANALYZER_NONNULL = YES;
				CLANG_ANALYZER_NUMBER_OBJECT_CONVERSION = YES_AGGRESSIVE;
				CLANG_CXX_LANGUAGE_STANDARD = "gnu++20";
				CLANG_ENABLE_MODULES = YES;
				CLANG_ENABLE_OBJC_ARC = YES;
				CLANG_ENABLE_OBJC_WEAK = YES;
				CLANG_WARN_BLOCK_CAPTURE_AUTORELEASING = YES;
				CLANG_WARN_BOOL_CONVERSION = YES;
				CLANG_WARN_COMMA = YES;
				CLANG_WARN_CONSTANT_CONVERSION = YES;
				CLANG_WARN_DEPRECATED_OBJC_IMPLEMENTATIONS = YES;
				CLANG_WARN_DIRECT_OBJC_ISA_USAGE = YES_ERROR;
				CLANG_WARN_DOCUMENTATION_COMMENTS = YES;
				CLANG_WARN_EMPTY_BODY = YES;
				CLANG_WARN_ENUM_CONVERSION = YES;
				CLANG_WARN_INFINITE_RECURSION = YES;
				CLANG_WARN_INT_CONVERSION = YES;
				CLANG_WARN_NON_LITERAL_NULL_CONVERSION = YES;
				CLANG_WARN_OBJC_IMPLICIT_RETAIN_SELF = YES;
				CLANG_WARN_OBJC_LITERAL_CONVERSION = YES;
				CLANG_WARN_OBJC_ROOT_CLASS = YES_ERROR;
				CLANG_WARN_QUOTED_INCLUDE_IN_FRAMEWORK_HEADER = YES;
				CLANG_WARN_RANGE_LOOP_ANALYSIS = YES;
				CLANG_WARN_STRICT_PROTOTYPES = YES;
				CLANG_WARN_SUSPICIOUS_MOVE = YES;
				CLANG_WARN_UNGUARDED_AVAILABILITY = YES_AGGRESSIVE;
				CLANG_WARN_UNREACHABLE_CODE = YES;
				CLANG_WARN__DUPLICATE_METHOD_MATCH = YES;
				COPY_PHASE_STRIP = NO;
				DEBUG_INFORMATION_FORMAT = "dwarf-with-dsym";
				ENABLE_NS_ASSERTIONS = NO;
				ENABLE_STRICT_OBJC_MSGSEND = YES;
				ENABLE_USER_SCRIPT_SANDBOXING = YES;
				GCC_C_LANGUAGE_STANDARD = gnu17;
				GCC_NO_COMMON_BLOCKS = YES;
				GCC_WARN_64_TO_32_BIT_CONVERSION = YES;
				GCC_WARN_ABOUT_RETURN_TYPE = YES_ERROR;
				GCC_WARN_UNDECLARED_SELECTOR = YES;
				GCC_WARN_UNINITIALIZED_AUTOS = YES_AGGRESSIVE;
				GCC_WARN_UNUSED_FUNCTION = YES;
				GCC_WARN_UNUSED_VARIABLE = YES;
				IPHONEOS_DEPLOYMENT_TARGET = 17.0;
				LOCALIZATION_PREFERS_STRING_CATALOGS = YES;
				MTL_ENABLE_DEBUG_INFO = NO;
				MTL_FAST_MATH = YES;
				SDKROOT = iphoneos;
				SWIFT_COMPILATION_MODE = wholemodule;
				VALIDATE_PRODUCT = YES;
			};
			name = Release;
		};
		6DA29CB12B29CAC900D087C0 /* Debug */ = {
			isa = XCBuildConfiguration;
			buildSettings = {
				ASSETCATALOG_COMPILER_APPICON_NAME = AppIcon;
				ASSETCATALOG_COMPILER_GLOBAL_ACCENT_COLOR_NAME = AccentColor;
				CODE_SIGN_STYLE = Automatic;
				CURRENT_PROJECT_VERSION = 1;
				DEVELOPMENT_ASSET_PATHS = "\"SwiftUIDesigns/Preview Content\"";
				DEVELOPMENT_TEAM = BDJY23GUM8;
				ENABLE_PREVIEWS = YES;
				GENERATE_INFOPLIST_FILE = YES;
				INFOPLIST_KEY_UIApplicationSceneManifest_Generation = YES;
				INFOPLIST_KEY_UIApplicationSupportsIndirectInputEvents = YES;
				INFOPLIST_KEY_UILaunchScreen_Generation = YES;
				INFOPLIST_KEY_UISupportedInterfaceOrientations_iPad = "UIInterfaceOrientationPortrait UIInterfaceOrientationPortraitUpsideDown UIInterfaceOrientationLandscapeLeft UIInterfaceOrientationLandscapeRight";
				INFOPLIST_KEY_UISupportedInterfaceOrientations_iPhone = "UIInterfaceOrientationPortrait UIInterfaceOrientationLandscapeLeft UIInterfaceOrientationLandscapeRight";
				LD_RUNPATH_SEARCH_PATHS = (
					"$(inherited)",
					"@executable_path/Frameworks",
				);
				MARKETING_VERSION = 1.0;
				PRODUCT_BUNDLE_IDENTIFIER = com.edguitian.SwiftUIDesigns;
				PRODUCT_NAME = "$(TARGET_NAME)";
				SWIFT_EMIT_LOC_STRINGS = YES;
				SWIFT_VERSION = 5.0;
				TARGETED_DEVICE_FAMILY = "1,2";
			};
			name = Debug;
		};
		6DA29CB22B29CAC900D087C0 /* Release */ = {
			isa = XCBuildConfiguration;
			buildSettings = {
				ASSETCATALOG_COMPILER_APPICON_NAME = AppIcon;
				ASSETCATALOG_COMPILER_GLOBAL_ACCENT_COLOR_NAME = AccentColor;
				CODE_SIGN_STYLE = Automatic;
				CURRENT_PROJECT_VERSION = 1;
				DEVELOPMENT_ASSET_PATHS = "\"SwiftUIDesigns/Preview Content\"";
				DEVELOPMENT_TEAM = BDJY23GUM8;
				ENABLE_PREVIEWS = YES;
				GENERATE_INFOPLIST_FILE = YES;
				INFOPLIST_KEY_UIApplicationSceneManifest_Generation = YES;
				INFOPLIST_KEY_UIApplicationSupportsIndirectInputEvents = YES;
				INFOPLIST_KEY_UILaunchScreen_Generation = YES;
				INFOPLIST_KEY_UISupportedInterfaceOrientations_iPad = "UIInterfaceOrientationPortrait UIInterfaceOrientationPortraitUpsideDown UIInterfaceOrientationLandscapeLeft UIInterfaceOrientationLandscapeRight";
				INFOPLIST_KEY_UISupportedInterfaceOrientations_iPhone = "UIInterfaceOrientationPortrait UIInterfaceOrientationLandscapeLeft UIInterfaceOrientationLandscapeRight";
				LD_RUNPATH_SEARCH_PATHS = (
					"$(inherited)",
					"@executable_path/Frameworks",
				);
				MARKETING_VERSION = 1.0;
				PRODUCT_BUNDLE_IDENTIFIER = com.edguitian.SwiftUIDesigns;
				PRODUCT_NAME = "$(TARGET_NAME)";
				SWIFT_EMIT_LOC_STRINGS = YES;
				SWIFT_VERSION = 5.0;
				TARGETED_DEVICE_FAMILY = "1,2";
			};
			name = Release;
		};
/* End XCBuildConfiguration section */

/* Begin XCConfigurationList section */
		6DA29C9D2B29CAC800D087C0 /* Build configuration list for PBXProject "SwiftUIDesigns" */ = {
			isa = XCConfigurationList;
			buildConfigurations = (
				6DA29CAE2B29CAC900D087C0 /* Debug */,
				6DA29CAF2B29CAC900D087C0 /* Release */,
			);
			defaultConfigurationIsVisible = 0;
			defaultConfigurationName = Release;
		};
		6DA29CB02B29CAC900D087C0 /* Build configuration list for PBXNativeTarget "SwiftUIDesigns" */ = {
			isa = XCConfigurationList;
			buildConfigurations = (
				6DA29CB12B29CAC900D087C0 /* Debug */,
				6DA29CB22B29CAC900D087C0 /* Release */,
			);
			defaultConfigurationIsVisible = 0;
			defaultConfigurationName = Release;
		};
/* End XCConfigurationList section */
	};
	rootObject = 6DA29C9A2B29CAC800D087C0 /* Project object */;
}
