// !$*UTF8*$!
{
	archiveVersion = 1;
	classes = {
	};
	objectVersion = 56;
	objects = {

/* Begin PBXBuildFile section */
		6DA29CA62B29CAC800D087C0 /* SwiftUIDesignsApp.swift in Sources */ = {isa = PBXBuildFile; fileRef = 6DA29CA52B29CAC800D087C0 /* SwiftUIDesignsApp.swift */; };
		6DA29CA82B29CAC800D087C0 /* ContentView.swift in Sources */ = {isa = PBXBuildFile; fileRef = 6DA29CA72B29CAC800D087C0 /* ContentView.swift */; };
		6DA29CAA2B29CAC900D087C0 /* Assets.xcassets in Resources */ = {isa = PBXBuildFile; fileRef = 6DA29CA92B29CAC900D087C0 /* Assets.xcassets */; };
		6DA29CAD2B29CAC900D087C0 /* Preview Assets.xcassets in Resources */ = {isa = PBXBuildFile; fileRef = 6DA29CAC2B29CAC900D087C0 /* Preview Assets.xcassets */; };
		6DA29CB42B29CBBB00D087C0 /* Tap.swift in Sources */ = {isa = PBXBuildFile; fileRef = 6DA29CB32B29CBBB00D087C0 /* Tap.swift */; };
		6DA29CB62B29D10500D087C0 /* ContentViewCell.swift in Sources */ = {isa = PBXBuildFile; fileRef = 6DA29CB52B29D10500D087C0 /* ContentViewCell.swift */; };
		6DA29CB82B29D1F100D087C0 /* SideMenu.swift in Sources */ = {isa = PBXBuildFile; fileRef = 6DA29CB72B29D1F100D087C0 /* SideMenu.swift */; };
		6DA29CBA2B29D2D200D087C0 /* SideViewContents.swift in Sources */ = {isa = PBXBuildFile; fileRef = 6DA29CB92B29D2D200D087C0 /* SideViewContents.swift */; };
		6DDB483E2B2B0B88007A0786 /* PresentedView.swift in Sources */ = {isa = PBXBuildFile; fileRef = 6DDB483D2B2B0B88007A0786 /* PresentedView.swift */; };
/* End PBXBuildFile section */

/* Begin PBXFileReference section */
		6DA29CA22B29CAC800D087C0 /* SwiftUIDesigns.app */ = {isa = PBXFileReference; explicitFileType = wrapper.application; includeInIndex = 0; path = SwiftUIDesigns.app; sourceTree = BUILT_PRODUCTS_DIR; };
		6DA29CA52B29CAC800D087C0 /* SwiftUIDesignsApp.swift */ = {isa = PBXFileReference; lastKnownFileType = sourcecode.swift; path = SwiftUIDesignsApp.swift; sourceTree = "<group>"; };
		6DA29CA72B29CAC800D087C0 /* ContentView.swift */ = {isa = PBXFileReference; lastKnownFileType = sourcecode.swift; path = ContentView.swift; sourceTree = "<group>"; };
		6DA29CA92B29CAC900D087C0 /* Assets.xcassets */ = {isa = PBXFileReference; lastKnownFileType = folder.assetcatalog; path = Assets.xcassets; sourceTree = "<group>"; };
		6DA29CAC2B29CAC900D087C0 /* Preview Assets.xcassets */ = {isa = PBXFileReference; lastKnownFileType = folder.assetcatalog; path = "Preview Assets.xcassets"; sourceTree = "<group>"; };
		6DA29CB32B29CBBB00D087C0 /* Tap.swift */ = {isa = PBXFileReference; lastKnownFileType = sourcecode.swift; path = Tap.swift; sourceTree = "<group>"; };
		6DA29CB52B29D10500D087C0 /* ContentViewCell.swift */ = {isa = PBXFileReference; lastKnownFileType = sourcecode.swift; path = ContentViewCell.swift; sourceTree = "<group>"; };
		6DA29CB72B29D1F100D087C0 /* SideMenu.swift */ = {isa = PBXFileReference; lastKnownFileType = sourcecode.swift; path = SideMenu.swift; sourceTree = "<group>"; };
		6DA29CB92B29D2D200D087C0 /* SideViewContents.swift */ = {isa = PBXFileReference; lastKnownFileType = sourcecode.swift; path = SideViewContents.swift; sourceTree = "<group>"; };
		6DDB483D2B2B0B88007A0786 /* PresentedView.swift */ = {isa = PBXFileReference; lastKnownFileType = sourcecode.swift; path = PresentedView.swift; sourceTree = "<group>"; };
/* End PBXFileReference section */

/* Begin PBXFrameworksBuildPhase section */
		6DA29C9F2B29CAC800D087C0 /* Frameworks */ = {
			isa = PBXFrameworksBuildPhase;
			buildActionMask = 2147483647;
			files = (
			);
			runOnlyForDeploymentPostprocessing = 0;
		};
/* End PBXFrameworksBuildPhase section */

/* Begin PBXGroup section */
		6DA29C992B29CAC800D087C0 = {
			isa = PBXGroup;
			children = (
				6DA29CA42B29CAC800D087C0 /* SwiftUIDesigns */,
				6DA29CA32B29CAC800D087C0 /* Products */,
			);
			sourceTree = "<group>";
		};
		6DA29CA32B29CAC800D087C0 /* Products */ = {
			isa = PBXGroup;
			children = (
				6DA29CA22B29CAC800D087C0 /* SwiftUIDesigns.app */,
			);
			name = Products;
			sourceTree = "<group>";
		};
		6DA29CA42B29CAC800D087C0 /* SwiftUIDesigns */ = {
			isa = PBXGroup;
			children = (
				6DDB483C2B2B0B73007A0786 /* Sheet Large Navigation */,
				6DDB483B2B2B0B2C007A0786 /* Side Menu */,
				6DDB483A2B2B0B13007A0786 /* 3D Tab Bar */,
				6DA29CA52B29CAC800D087C0 /* SwiftUIDesignsApp.swift */,
				6DA29CA72B29CAC800D087C0 /* ContentView.swift */,
				6DA29CB52B29D10500D087C0 /* ContentViewCell.swift */,
				6DA29CA92B29CAC900D087C0 /* Assets.xcassets */,
				6DA29CAB2B29CAC900D087C0 /* Preview Content */,
			);
			path = SwiftUIDesigns;
			sourceTree = "<group>";
		};
		6DA29CAB2B29CAC900D087C0 /* Preview Content */ = {
			isa = PBXGroup;
			children = (
				6DA29CAC2B29CAC900D087C0 /* Preview Assets.xcassets */,
			);
			path = "Preview Content";
			sourceTree = "<group>";
		};
		6DDB483A2B2B0B13007A0786 /* 3D Tab Bar */ = {
			isa = PBXGroup;
			children = (
				6DA29CB32B29CBBB00D087C0 /* Tap.swift */,
			);
			path = "3D Tab Bar";
			sourceTree = "<group>";
		};
		6DDB483B2B2B0B2C007A0786 /* Side Menu */ = {
			isa = PBXGroup;
			children = (
				6DA29CB72B29D1F100D087C0 /* SideMenu.swift */,
				6DA29CB92B29D2D200D087C0 /* SideViewContents.swift */,
			);
			path = "Side Menu";
			sourceTree = "<group>";
		};
		6DDB483C2B2B0B73007A0786 /* Sheet Large Navigation */ = {
			isa = PBXGroup;
			children = (
				6DDB483D2B2B0B88007A0786 /* PresentedView.swift */,
			);
			path = "Sheet Large Navigation";
			sourceTree = "<group>";
		};
/* End PBXGroup section */

/* Begin PBXNativeTarget section */
		6DA29CA12B29CAC800D087C0 /* SwiftUIDesigns */ = {
			isa = PBXNativeTarget;
			buildConfigurationList = 6DA29CB02B29CAC900D087C0 /* Build configuration list for PBXNativeTarget "SwiftUIDesigns" */;
			buildPhases = (
				6DA29C9E2B29CAC800D087C0 /* Sources */,
				6DA29C9F2B29CAC800D087C0 /* Frameworks */,
				6DA29CA02B29CAC800D087C0 /* Resources */,
			);
			buildRules = (
			);
			dependencies = (
			);
			name = SwiftUIDesigns;
			productName = SwiftUIDesigns;
			productReference = 6DA29CA22B29CAC800D087C0 /* SwiftUIDesigns.app */;
			productType = "com.apple.product-type.application";
		};
/* End PBXNativeTarget section */

/* Begin PBXProject section */
		6DA29C9A2B29CAC800D087C0 /* Project object */ = {
			isa = PBXProject;
			attributes = {
				BuildIndependentTargetsInParallel = 1;
				LastSwiftUpdateCheck = 1500;
				LastUpgradeCheck = 1500;
				TargetAttributes = {
					6DA29CA12B29CAC800D087C0 = {
						CreatedOnToolsVersion = 15.0.1;
					};
				};
			};
			buildConfigurationList = 6DA29C9D2B29CAC800D087C0 /* Build configuration list for PBXProject "SwiftUIDesigns" */;
			compatibilityVersion = "Xcode 14.0";
			developmentRegion = en;
			hasScannedForEncodings = 0;
			knownRegions = (
				en,
				Base,
			);
			mainGroup = 6DA29C992B29CAC800D087C0;
			productRefGroup = 6DA29CA32B29CAC800D087C0 /* Products */;
			projectDirPath = "";
			projectRoot = "";
			targets = (
				6DA29CA12B29CAC800D087C0 /* SwiftUIDesigns */,
			);
		};
/* End PBXProject section */

/* Begin PBXResourcesBuildPhase section */
		6DA29CA02B29CAC800D087C0 /* Resources */ = {
			isa = PBXResourcesBuildPhase;
			buildActionMask = 2147483647;
			files = (
				6DA29CAD2B29CAC900D087C0 /* Preview Assets.xcassets in Resources */,
				6DA29CAA2B29CAC900D087C0 /* Assets.xcassets in Resources */,
			);
			runOnlyForDeploymentPostprocessing = 0;
		};
/* End PBXResourcesBuildPhase section */

/* Begin PBXSourcesBuildPhase section */
		6DA29C9E2B29CAC800D087C0 /* Sources */ = {
			isa = PBXSourcesBuildPhase;
			buildActionMask = 2147483647;
			files = (
				6DA29CB42B29CBBB00D087C0 /* Tap.swift in Sources */,
				6DA29CBA2B29D2D200D087C0 /* SideViewContents.swift in Sources */,
				6DA29CA82B29CAC800D087C0 /* ContentView.swift in Sources */,
				6DA29CB82B29D1F100D087C0 /* SideMenu.swift in Sources */,
				6DDB483E2B2B0B88007A0786 /* PresentedView.swift in Sources */,
				6DA29CB62B29D10500D087C0 /* ContentViewCell.swift in Sources */,
				6DA29CA62B29CAC800D087C0 /* SwiftUIDesignsApp.swift in Sources */,
			);
			runOnlyForDeploymentPostprocessing = 0;
		};
/* End PBXSourcesBuildPhase section */

/* Begin XCBuildConfiguration section */
		6DA29CAE2B29CAC900D087C0 /* Debug */ = {
			isa = XCBuildConfiguration;
			buildSettings = {
				ALWAYS_SEARCH_USER_PATHS = NO;
				ASSETCATALOG_COMPILER_GENERATE_SWIFT_ASSET_SYMBOL_EXTENSIONS = YES;
				CLANG_ANALYZER_NONNULL = YES;
				CLANG_ANALYZER_NUMBER_OBJECT_CONVERSION = YES_AGGRESSIVE;
				CLANG_CXX_LANGUAGE_STANDARD = "gnu++20";
				CLANG_ENABLE_MODULES = YES;
				CLANG_ENABLE_OBJC_ARC = YES;
				CLANG_ENABLE_OBJC_WEAK = YES;
				CLANG_WARN_BLOCK_CAPTURE_AUTORELEASING = YES;
				CLANG_WARN_BOOL_CONVERSION = YES;
				CLANG_WARN_COMMA = YES;
				CLANG_WARN_CONSTANT_CONVERSION = YES;
				CLANG_WARN_DEPRECATED_OBJC_IMPLEMENTATIONS = YES;
				CLANG_WARN_DIRECT_OBJC_ISA_USAGE = YES_ERROR;
				CLANG_WARN_DOCUMENTATION_COMMENTS = YES;
				CLANG_WARN_EMPTY_BODY = YES;
				CLANG_WARN_ENUM_CONVERSION = YES;
				CLANG_WARN_INFINITE_RECURSION = YES;
				CLANG_WARN_INT_CONVERSION = YES;
				CLANG_WARN_NON_LITERAL_NULL_CONVERSION = YES;
				CLANG_WARN_OBJC_IMPLICIT_RETAIN_SELF = YES;
				CLANG_WARN_OBJC_LITERAL_CONVERSION = YES;
				CLANG_WARN_OBJC_ROOT_CLASS = YES_ERROR;
				CLANG_WARN_QUOTED_INCLUDE_IN_FRAMEWORK_HEADER = YES;
				CLANG_WARN_RANGE_LOOP_ANALYSIS = YES;
				CLANG_WARN_STRICT_PROTOTYPES = YES;
				CLANG_WARN_SUSPICIOUS_MOVE = YES;
				CLANG_WARN_UNGUARDED_AVAILABILITY = YES_AGGRESSIVE;
				CLANG_WARN_UNREACHABLE_CODE = YES;
				CLANG_WARN__DUPLICATE_METHOD_MATCH = YES;
				COPY_PHASE_STRIP = NO;
				DEBUG_INFORMATION_FORMAT = dwarf;
				ENABLE_STRICT_OBJC_MSGSEND = YES;
				ENABLE_TESTABILITY = YES;
				ENABLE_USER_SCRIPT_SANDBOXING = YES;
				GCC_C_LANGUAGE_STANDARD = gnu17;
				GCC_DYNAMIC_NO_PIC = NO;
				GCC_NO_COMMON_BLOCKS = YES;
				GCC_OPTIMIZATION_LEVEL = 0;
				GCC_PREPROCESSOR_DEFINITIONS = (
					"DEBUG=1",
					"$(inherited)",
				);
				GCC_WARN_64_TO_32_BIT_CONVERSION = YES;
				GCC_WARN_ABOUT_RETURN_TYPE = YES_ERROR;
				GCC_WARN_UNDECLARED_SELECTOR = YES;
				GCC_WARN_UNINITIALIZED_AUTOS = YES_AGGRESSIVE;
				GCC_WARN_UNUSED_FUNCTION = YES;
				GCC_WARN_UNUSED_VARIABLE = YES;
				IPHONEOS_DEPLOYMENT_TARGET = 17.0;
				LOCALIZATION_PREFERS_STRING_CATALOGS = YES;
				MTL_ENABLE_DEBUG_INFO = INCLUDE_SOURCE;
				MTL_FAST_MATH = YES;
				ONLY_ACTIVE_ARCH = YES;
				SDKROOT = iphoneos;
				SWIFT_ACTIVE_COMPILATION_CONDITIONS = "DEBUG $(inherited)";
				SWIFT_OPTIMIZATION_LEVEL = "-Onone";
			};
			name = Debug;
		};
		6DA29CAF2B29CAC900D087C0 /* Release */ = {
			isa = XCBuildConfiguration;
			buildSettings = {
				ALWAYS_SEARCH_USER_PATHS = NO;
				ASSETCATALOG_COMPILER_GENERATE_SWIFT_ASSET_SYMBOL_EXTENSIONS = YES;
				CLANG_ANALYZER_NONNULL = YES;
				CLANG_ANALYZER_NUMBER_OBJECT_CONVERSION = YES_AGGRESSIVE;
				CLANG_CXX_LANGUAGE_STANDARD = "gnu++20";
				CLANG_ENABLE_MODULES = YES;
				CLANG_ENABLE_OBJC_ARC = YES;
				CLANG_ENABLE_OBJC_WEAK = YES;
				CLANG_WARN_BLOCK_CAPTURE_AUTORELEASING = YES;
				CLANG_WARN_BOOL_CONVERSION = YES;
				CLANG_WARN_COMMA = YES;
				CLANG_WARN_CONSTANT_CONVERSION = YES;
				CLANG_WARN_DEPRECATED_OBJC_IMPLEMENTATIONS = YES;
				CLANG_WARN_DIRECT_OBJC_ISA_USAGE = YES_ERROR;
				CLANG_WARN_DOCUMENTATION_COMMENTS = YES;
				CLANG_WARN_EMPTY_BODY = YES;
				CLANG_WARN_ENUM_CONVERSION = YES;
				CLANG_WARN_INFINITE_RECURSION = YES;
				CLANG_WARN_INT_CONVERSION = YES;
				CLANG_WARN_NON_LITERAL_NULL_CONVERSION = YES;
				CLANG_WARN_OBJC_IMPLICIT_RETAIN_SELF = YES;
				CLANG_WARN_OBJC_LITERAL_CONVERSION = YES;
				CLANG_WARN_OBJC_ROOT_CLASS = YES_ERROR;
				CLANG_WARN_QUOTED_INCLUDE_IN_FRAMEWORK_HEADER = YES;
				CLANG_WARN_RANGE_LOOP_ANALYSIS = YES;
				CLANG_WARN_STRICT_PROTOTYPES = YES;
				CLANG_WARN_SUSPICIOUS_MOVE = YES;
				CLANG_WARN_UNGUARDED_AVAILABILITY = YES_AGGRESSIVE;
				CLANG_WARN_UNREACHABLE_CODE = YES;
				CLANG_WARN__DUPLICATE_METHOD_MATCH = YES;
				COPY_PHASE_STRIP = NO;
				DEBUG_INFORMATION_FORMAT = "dwarf-with-dsym";
				ENABLE_NS_ASSERTIONS = NO;
				ENABLE_STRICT_OBJC_MSGSEND = YES;
				ENABLE_USER_SCRIPT_SANDBOXING = YES;
				GCC_C_LANGUAGE_STANDARD = gnu17;
				GCC_NO_COMMON_BLOCKS = YES;
				GCC_WARN_64_TO_32_BIT_CONVERSION = YES;
				GCC_WARN_ABOUT_RETURN_TYPE = YES_ERROR;
				GCC_WARN_UNDECLARED_SELECTOR = YES;
				GCC_WARN_UNINITIALIZED_AUTOS = YES_AGGRESSIVE;
				GCC_WARN_UNUSED_FUNCTION = YES;
				GCC_WARN_UNUSED_VARIABLE = YES;
				IPHONEOS_DEPLOYMENT_TARGET = 17.0;
				LOCALIZATION_PREFERS_STRING_CATALOGS = YES;
				MTL_ENABLE_DEBUG_INFO = NO;
				MTL_FAST_MATH = YES;
				SDKROOT = iphoneos;
				SWIFT_COMPILATION_MODE = wholemodule;
				VALIDATE_PRODUCT = YES;
			};
			name = Release;
		};
		6DA29CB12B29CAC900D087C0 /* Debug */ = {
			isa = XCBuildConfiguration;
			buildSettings = {
				ASSETCATALOG_COMPILER_APPICON_NAME = AppIcon;
				ASSETCATALOG_COMPILER_GLOBAL_ACCENT_COLOR_NAME = AccentColor;
				CODE_SIGN_STYLE = Automatic;
				CURRENT_PROJECT_VERSION = 1;
				DEVELOPMENT_ASSET_PATHS = "\"SwiftUIDesigns/Preview Content\"";
				DEVELOPMENT_TEAM = BDJY23GUM8;
				ENABLE_PREVIEWS = YES;
				GENERATE_INFOPLIST_FILE = YES;
				INFOPLIST_KEY_UIApplicationSceneManifest_Generation = YES;
				INFOPLIST_KEY_UIApplicationSupportsIndirectInputEvents = YES;
				INFOPLIST_KEY_UILaunchScreen_Generation = YES;
				INFOPLIST_KEY_UISupportedInterfaceOrientations_iPad = "UIInterfaceOrientationPortrait UIInterfaceOrientationPortraitUpsideDown UIInterfaceOrientationLandscapeLeft UIInterfaceOrientationLandscapeRight";
				INFOPLIST_KEY_UISupportedInterfaceOrientations_iPhone = "UIInterfaceOrientationPortrait UIInterfaceOrientationLandscapeLeft UIInterfaceOrientationLandscapeRight";
				LD_RUNPATH_SEARCH_PATHS = (
					"$(inherited)",
					"@executable_path/Frameworks",
				);
				MARKETING_VERSION = 1.0;
				PRODUCT_BUNDLE_IDENTIFIER = com.edguitian.SwiftUIDesigns;
				PRODUCT_NAME = "$(TARGET_NAME)";
				SWIFT_EMIT_LOC_STRINGS = YES;
				SWIFT_VERSION = 5.0;
				TARGETED_DEVICE_FAMILY = "1,2";
			};
			name = Debug;
		};
		6DA29CB22B29CAC900D087C0 /* Release */ = {
			isa = XCBuildConfiguration;
			buildSettings = {
				ASSETCATALOG_COMPILER_APPICON_NAME = AppIcon;
				ASSETCATALOG_COMPILER_GLOBAL_ACCENT_COLOR_NAME = AccentColor;
				CODE_SIGN_STYLE = Automatic;
				CURRENT_PROJECT_VERSION = 1;
				DEVELOPMENT_ASSET_PATHS = "\"SwiftUIDesigns/Preview Content\"";
				DEVELOPMENT_TEAM = BDJY23GUM8;
				ENABLE_PREVIEWS = YES;
				GENERATE_INFOPLIST_FILE = YES;
				INFOPLIST_KEY_UIApplicationSceneManifest_Generation = YES;
				INFOPLIST_KEY_UIApplicationSupportsIndirectInputEvents = YES;
				INFOPLIST_KEY_UILaunchScreen_Generation = YES;
				INFOPLIST_KEY_UISupportedInterfaceOrientations_iPad = "UIInterfaceOrientationPortrait UIInterfaceOrientationPortraitUpsideDown UIInterfaceOrientationLandscapeLeft UIInterfaceOrientationLandscapeRight";
				INFOPLIST_KEY_UISupportedInterfaceOrientations_iPhone = "UIInterfaceOrientationPortrait UIInterfaceOrientationLandscapeLeft UIInterfaceOrientationLandscapeRight";
				LD_RUNPATH_SEARCH_PATHS = (
					"$(inherited)",
					"@executable_path/Frameworks",
				);
				MARKETING_VERSION = 1.0;
				PRODUCT_BUNDLE_IDENTIFIER = com.edguitian.SwiftUIDesigns;
				PRODUCT_NAME = "$(TARGET_NAME)";
				SWIFT_EMIT_LOC_STRINGS = YES;
				SWIFT_VERSION = 5.0;
				TARGETED_DEVICE_FAMILY = "1,2";
			};
			name = Release;
		};
/* End XCBuildConfiguration section */

/* Begin XCConfigurationList section */
		6DA29C9D2B29CAC800D087C0 /* Build configuration list for PBXProject "SwiftUIDesigns" */ = {
			isa = XCConfigurationList;
			buildConfigurations = (
				6DA29CAE2B29CAC900D087C0 /* Debug */,
				6DA29CAF2B29CAC900D087C0 /* Release */,
			);
			defaultConfigurationIsVisible = 0;
			defaultConfigurationName = Release;
		};
		6DA29CB02B29CAC900D087C0 /* Build configuration list for PBXNativeTarget "SwiftUIDesigns" */ = {
			isa = XCConfigurationList;
			buildConfigurations = (
				6DA29CB12B29CAC900D087C0 /* Debug */,
				6DA29CB22B29CAC900D087C0 /* Release */,
			);
			defaultConfigurationIsVisible = 0;
			defaultConfigurationName = Release;
		};
/* End XCConfigurationList section */
	};
	rootObject = 6DA29C9A2B29CAC800D087C0 /* Project object */;
}
